{
  "name": "glissando-react",
  "version": "0.8.7",
  "lockfileVersion": 1,
  "requires": true,
  "dependencies": {
    "@esbuild/aix-ppc64": {
      "version": "0.21.5",
      "resolved": "https://registry.npmjs.org/@esbuild/aix-ppc64/-/aix-ppc64-0.21.5.tgz",
      "integrity": "sha512-1SDgH6ZSPTlggy1yI6+Dbkiz8xzpHJEVAlF/AM1tHPLsf5STom9rwtjE4hKAF20FfXXNTFqEYXyJNWh1GiZedQ==",
      "dev": true,
      "optional": true
    },
    "@esbuild/android-arm": {
      "version": "0.21.5",
      "resolved": "https://registry.npmjs.org/@esbuild/android-arm/-/android-arm-0.21.5.tgz",
      "integrity": "sha512-vCPvzSjpPHEi1siZdlvAlsPxXl7WbOVUBBAowWug4rJHb68Ox8KualB+1ocNvT5fjv6wpkX6o/iEpbDrf68zcg==",
      "dev": true,
      "optional": true
    },
    "@esbuild/android-arm64": {
      "version": "0.21.5",
      "resolved": "https://registry.npmjs.org/@esbuild/android-arm64/-/android-arm64-0.21.5.tgz",
      "integrity": "sha512-c0uX9VAUBQ7dTDCjq+wdyGLowMdtR/GoC2U5IYk/7D1H1JYC0qseD7+11iMP2mRLN9RcCMRcjC4YMclCzGwS/A==",
      "dev": true,
      "optional": true
    },
    "@esbuild/android-x64": {
      "version": "0.21.5",
      "resolved": "https://registry.npmjs.org/@esbuild/android-x64/-/android-x64-0.21.5.tgz",
      "integrity": "sha512-D7aPRUUNHRBwHxzxRvp856rjUHRFW1SdQATKXH2hqA0kAZb1hKmi02OpYRacl0TxIGz/ZmXWlbZgjwWYaCakTA==",
      "dev": true,
      "optional": true
    },
    "@esbuild/darwin-arm64": {
      "version": "0.21.5",
      "resolved": "https://registry.npmjs.org/@esbuild/darwin-arm64/-/darwin-arm64-0.21.5.tgz",
      "integrity": "sha512-DwqXqZyuk5AiWWf3UfLiRDJ5EDd49zg6O9wclZ7kUMv2WRFr4HKjXp/5t8JZ11QbQfUS6/cRCKGwYhtNAY88kQ==",
      "dev": true,
      "optional": true
    },
    "@esbuild/darwin-x64": {
      "version": "0.21.5",
      "resolved": "https://registry.npmjs.org/@esbuild/darwin-x64/-/darwin-x64-0.21.5.tgz",
      "integrity": "sha512-se/JjF8NlmKVG4kNIuyWMV/22ZaerB+qaSi5MdrXtd6R08kvs2qCN4C09miupktDitvh8jRFflwGFBQcxZRjbw==",
      "dev": true,
      "optional": true
    },
    "@esbuild/freebsd-arm64": {
      "version": "0.21.5",
      "resolved": "https://registry.npmjs.org/@esbuild/freebsd-arm64/-/freebsd-arm64-0.21.5.tgz",
      "integrity": "sha512-5JcRxxRDUJLX8JXp/wcBCy3pENnCgBR9bN6JsY4OmhfUtIHe3ZW0mawA7+RDAcMLrMIZaf03NlQiX9DGyB8h4g==",
      "dev": true,
      "optional": true
    },
    "@esbuild/freebsd-x64": {
      "version": "0.21.5",
      "resolved": "https://registry.npmjs.org/@esbuild/freebsd-x64/-/freebsd-x64-0.21.5.tgz",
      "integrity": "sha512-J95kNBj1zkbMXtHVH29bBriQygMXqoVQOQYA+ISs0/2l3T9/kj42ow2mpqerRBxDJnmkUDCaQT/dfNXWX/ZZCQ==",
      "dev": true,
      "optional": true
    },
    "@esbuild/linux-arm": {
      "version": "0.21.5",
      "resolved": "https://registry.npmjs.org/@esbuild/linux-arm/-/linux-arm-0.21.5.tgz",
      "integrity": "sha512-bPb5AHZtbeNGjCKVZ9UGqGwo8EUu4cLq68E95A53KlxAPRmUyYv2D6F0uUI65XisGOL1hBP5mTronbgo+0bFcA==",
      "dev": true,
      "optional": true
    },
    "@esbuild/linux-arm64": {
      "version": "0.21.5",
      "resolved": "https://registry.npmjs.org/@esbuild/linux-arm64/-/linux-arm64-0.21.5.tgz",
      "integrity": "sha512-ibKvmyYzKsBeX8d8I7MH/TMfWDXBF3db4qM6sy+7re0YXya+K1cem3on9XgdT2EQGMu4hQyZhan7TeQ8XkGp4Q==",
      "dev": true,
      "optional": true
    },
    "@esbuild/linux-ia32": {
      "version": "0.21.5",
      "resolved": "https://registry.npmjs.org/@esbuild/linux-ia32/-/linux-ia32-0.21.5.tgz",
      "integrity": "sha512-YvjXDqLRqPDl2dvRODYmmhz4rPeVKYvppfGYKSNGdyZkA01046pLWyRKKI3ax8fbJoK5QbxblURkwK/MWY18Tg==",
      "dev": true,
      "optional": true
    },
    "@esbuild/linux-loong64": {
      "version": "0.21.5",
      "resolved": "https://registry.npmjs.org/@esbuild/linux-loong64/-/linux-loong64-0.21.5.tgz",
      "integrity": "sha512-uHf1BmMG8qEvzdrzAqg2SIG/02+4/DHB6a9Kbya0XDvwDEKCoC8ZRWI5JJvNdUjtciBGFQ5PuBlpEOXQj+JQSg==",
      "dev": true,
      "optional": true
    },
    "@esbuild/linux-mips64el": {
      "version": "0.21.5",
      "resolved": "https://registry.npmjs.org/@esbuild/linux-mips64el/-/linux-mips64el-0.21.5.tgz",
      "integrity": "sha512-IajOmO+KJK23bj52dFSNCMsz1QP1DqM6cwLUv3W1QwyxkyIWecfafnI555fvSGqEKwjMXVLokcV5ygHW5b3Jbg==",
      "dev": true,
      "optional": true
    },
    "@esbuild/linux-ppc64": {
      "version": "0.21.5",
      "resolved": "https://registry.npmjs.org/@esbuild/linux-ppc64/-/linux-ppc64-0.21.5.tgz",
      "integrity": "sha512-1hHV/Z4OEfMwpLO8rp7CvlhBDnjsC3CttJXIhBi+5Aj5r+MBvy4egg7wCbe//hSsT+RvDAG7s81tAvpL2XAE4w==",
      "dev": true,
      "optional": true
    },
    "@esbuild/linux-riscv64": {
      "version": "0.21.5",
      "resolved": "https://registry.npmjs.org/@esbuild/linux-riscv64/-/linux-riscv64-0.21.5.tgz",
      "integrity": "sha512-2HdXDMd9GMgTGrPWnJzP2ALSokE/0O5HhTUvWIbD3YdjME8JwvSCnNGBnTThKGEB91OZhzrJ4qIIxk/SBmyDDA==",
      "dev": true,
      "optional": true
    },
    "@esbuild/linux-s390x": {
      "version": "0.21.5",
      "resolved": "https://registry.npmjs.org/@esbuild/linux-s390x/-/linux-s390x-0.21.5.tgz",
      "integrity": "sha512-zus5sxzqBJD3eXxwvjN1yQkRepANgxE9lgOW2qLnmr8ikMTphkjgXu1HR01K4FJg8h1kEEDAqDcZQtbrRnB41A==",
      "dev": true,
      "optional": true
    },
    "@esbuild/linux-x64": {
      "version": "0.21.5",
      "resolved": "https://registry.npmjs.org/@esbuild/linux-x64/-/linux-x64-0.21.5.tgz",
      "integrity": "sha512-1rYdTpyv03iycF1+BhzrzQJCdOuAOtaqHTWJZCWvijKD2N5Xu0TtVC8/+1faWqcP9iBCWOmjmhoH94dH82BxPQ==",
      "dev": true,
      "optional": true
    },
    "@esbuild/netbsd-x64": {
      "version": "0.21.5",
      "resolved": "https://registry.npmjs.org/@esbuild/netbsd-x64/-/netbsd-x64-0.21.5.tgz",
      "integrity": "sha512-Woi2MXzXjMULccIwMnLciyZH4nCIMpWQAs049KEeMvOcNADVxo0UBIQPfSmxB3CWKedngg7sWZdLvLczpe0tLg==",
      "dev": true,
      "optional": true
    },
    "@esbuild/openbsd-x64": {
      "version": "0.21.5",
      "resolved": "https://registry.npmjs.org/@esbuild/openbsd-x64/-/openbsd-x64-0.21.5.tgz",
      "integrity": "sha512-HLNNw99xsvx12lFBUwoT8EVCsSvRNDVxNpjZ7bPn947b8gJPzeHWyNVhFsaerc0n3TsbOINvRP2byTZ5LKezow==",
      "dev": true,
      "optional": true
    },
    "@esbuild/sunos-x64": {
      "version": "0.21.5",
      "resolved": "https://registry.npmjs.org/@esbuild/sunos-x64/-/sunos-x64-0.21.5.tgz",
      "integrity": "sha512-6+gjmFpfy0BHU5Tpptkuh8+uw3mnrvgs+dSPQXQOv3ekbordwnzTVEb4qnIvQcYXq6gzkyTnoZ9dZG+D4garKg==",
      "dev": true,
      "optional": true
    },
    "@esbuild/win32-arm64": {
      "version": "0.21.5",
      "resolved": "https://registry.npmjs.org/@esbuild/win32-arm64/-/win32-arm64-0.21.5.tgz",
      "integrity": "sha512-Z0gOTd75VvXqyq7nsl93zwahcTROgqvuAcYDUr+vOv8uHhNSKROyU961kgtCD1e95IqPKSQKH7tBTslnS3tA8A==",
      "dev": true,
      "optional": true
    },
    "@esbuild/win32-ia32": {
      "version": "0.21.5",
      "resolved": "https://registry.npmjs.org/@esbuild/win32-ia32/-/win32-ia32-0.21.5.tgz",
      "integrity": "sha512-SWXFF1CL2RVNMaVs+BBClwtfZSvDgtL//G/smwAc5oVK/UPu2Gu9tIaRgFmYFFKrmg3SyAjSrElf0TiJ1v8fYA==",
      "dev": true,
      "optional": true
    },
    "@esbuild/win32-x64": {
      "version": "0.21.5",
      "resolved": "https://registry.npmjs.org/@esbuild/win32-x64/-/win32-x64-0.21.5.tgz",
      "integrity": "sha512-tQd/1efJuzPC6rCFwEvLtci/xNFcTZknmXs98FYDfGE4wP9ClFV98nyKrzJKVPMhdDnjzLhdUyMX4PsQAPjwIw==",
      "dev": true,
      "optional": true
    },
    "@huse/effect-ref": {
      "version": "1.1.1",
      "resolved": "https://registry.npmjs.org/@huse/effect-ref/-/effect-ref-1.1.1.tgz",
      "integrity": "sha512-WVMw6kGIFjzPOnCvByxNQYAl0bEeXy3iI43y7JAHY78uGsxKbH0yL6MOvqCWlKyRUx7iHRuNrPjtGogGIueizw=="
    },
    "@nodelib/fs.scandir": {
      "version": "2.1.5",
      "resolved": "https://registry.npmjs.org/@nodelib/fs.scandir/-/fs.scandir-2.1.5.tgz",
      "integrity": "sha512-vq24Bq3ym5HEQm2NKCr3yXDwjc7vTsEThRDnkp2DK9p1uqLR+DHurm/NOTo0KG7HYHU7eppKZj3MyqYuMBf62g==",
      "dev": true,
      "requires": {
        "@nodelib/fs.stat": "2.0.5",
        "run-parallel": "^1.1.9"
      }
    },
    "@nodelib/fs.stat": {
      "version": "2.0.5",
      "resolved": "https://registry.npmjs.org/@nodelib/fs.stat/-/fs.stat-2.0.5.tgz",
      "integrity": "sha512-RkhPPp2zrqDAQA/2jNhnztcPAlv64XdhIp7a7454A5ovI7Bukxgt7MX7udwAu3zg1DcpPU0rz3VV1SeaqvY4+A==",
      "dev": true
    },
    "@nodelib/fs.walk": {
      "version": "1.2.8",
      "resolved": "https://registry.npmjs.org/@nodelib/fs.walk/-/fs.walk-1.2.8.tgz",
      "integrity": "sha512-oGB+UxlgWcgQkgwo8GcEGwemoTFt3FIO9ababBmaGwXIoBKZ+GTy0pP185beGg7Llih/NSHSV2XAs1lnznocSg==",
      "dev": true,
      "requires": {
        "@nodelib/fs.scandir": "2.1.5",
        "fastq": "^1.6.0"
      }
    },
    "@rollup/rollup-android-arm-eabi": {
      "version": "4.22.5",
      "resolved": "https://registry.npmjs.org/@rollup/rollup-android-arm-eabi/-/rollup-android-arm-eabi-4.22.5.tgz",
      "integrity": "sha512-SU5cvamg0Eyu/F+kLeMXS7GoahL+OoizlclVFX3l5Ql6yNlywJJ0OuqTzUx0v+aHhPHEB/56CT06GQrRrGNYww==",
      "dev": true,
      "optional": true
    },
    "@rollup/rollup-android-arm64": {
      "version": "4.22.5",
      "resolved": "https://registry.npmjs.org/@rollup/rollup-android-arm64/-/rollup-android-arm64-4.22.5.tgz",
      "integrity": "sha512-S4pit5BP6E5R5C8S6tgU/drvgjtYW76FBuG6+ibG3tMvlD1h9LHVF9KmlmaUBQ8Obou7hEyS+0w+IR/VtxwNMQ==",
      "dev": true,
      "optional": true
    },
    "@rollup/rollup-darwin-arm64": {
      "version": "4.22.5",
      "resolved": "https://registry.npmjs.org/@rollup/rollup-darwin-arm64/-/rollup-darwin-arm64-4.22.5.tgz",
      "integrity": "sha512-250ZGg4ipTL0TGvLlfACkIxS9+KLtIbn7BCZjsZj88zSg2Lvu3Xdw6dhAhfe/FjjXPVNCtcSp+WZjVsD3a/Zlw==",
      "dev": true,
      "optional": true
    },
    "@rollup/rollup-darwin-x64": {
      "version": "4.22.5",
      "resolved": "https://registry.npmjs.org/@rollup/rollup-darwin-x64/-/rollup-darwin-x64-4.22.5.tgz",
      "integrity": "sha512-D8brJEFg5D+QxFcW6jYANu+Rr9SlKtTenmsX5hOSzNYVrK5oLAEMTUgKWYJP+wdKyCdeSwnapLsn+OVRFycuQg==",
      "dev": true,
      "optional": true
    },
    "@rollup/rollup-linux-arm-gnueabihf": {
      "version": "4.22.5",
      "resolved": "https://registry.npmjs.org/@rollup/rollup-linux-arm-gnueabihf/-/rollup-linux-arm-gnueabihf-4.22.5.tgz",
      "integrity": "sha512-PNqXYmdNFyWNg0ma5LdY8wP+eQfdvyaBAojAXgO7/gs0Q/6TQJVXAXe8gwW9URjbS0YAammur0fynYGiWsKlXw==",
      "dev": true,
      "optional": true
    },
    "@rollup/rollup-linux-arm-musleabihf": {
      "version": "4.22.5",
      "resolved": "https://registry.npmjs.org/@rollup/rollup-linux-arm-musleabihf/-/rollup-linux-arm-musleabihf-4.22.5.tgz",
      "integrity": "sha512-kSSCZOKz3HqlrEuwKd9TYv7vxPYD77vHSUvM2y0YaTGnFc8AdI5TTQRrM1yIp3tXCKrSL9A7JLoILjtad5t8pQ==",
      "dev": true,
      "optional": true
    },
    "@rollup/rollup-linux-arm64-gnu": {
      "version": "4.22.5",
      "resolved": "https://registry.npmjs.org/@rollup/rollup-linux-arm64-gnu/-/rollup-linux-arm64-gnu-4.22.5.tgz",
      "integrity": "sha512-oTXQeJHRbOnwRnRffb6bmqmUugz0glXaPyspp4gbQOPVApdpRrY/j7KP3lr7M8kTfQTyrBUzFjj5EuHAhqH4/w==",
      "dev": true,
      "optional": true
    },
    "@rollup/rollup-linux-arm64-musl": {
      "version": "4.22.5",
      "resolved": "https://registry.npmjs.org/@rollup/rollup-linux-arm64-musl/-/rollup-linux-arm64-musl-4.22.5.tgz",
      "integrity": "sha512-qnOTIIs6tIGFKCHdhYitgC2XQ2X25InIbZFor5wh+mALH84qnFHvc+vmWUpyX97B0hNvwNUL4B+MB8vJvH65Fw==",
      "dev": true,
      "optional": true
    },
    "@rollup/rollup-linux-powerpc64le-gnu": {
      "version": "4.22.5",
      "resolved": "https://registry.npmjs.org/@rollup/rollup-linux-powerpc64le-gnu/-/rollup-linux-powerpc64le-gnu-4.22.5.tgz",
      "integrity": "sha512-TMYu+DUdNlgBXING13rHSfUc3Ky5nLPbWs4bFnT+R6Vu3OvXkTkixvvBKk8uO4MT5Ab6lC3U7x8S8El2q5o56w==",
      "dev": true,
      "optional": true
    },
    "@rollup/rollup-linux-riscv64-gnu": {
      "version": "4.22.5",
      "resolved": "https://registry.npmjs.org/@rollup/rollup-linux-riscv64-gnu/-/rollup-linux-riscv64-gnu-4.22.5.tgz",
      "integrity": "sha512-PTQq1Kz22ZRvuhr3uURH+U/Q/a0pbxJoICGSprNLAoBEkyD3Sh9qP5I0Asn0y0wejXQBbsVMRZRxlbGFD9OK4A==",
      "dev": true,
      "optional": true
    },
    "@rollup/rollup-linux-s390x-gnu": {
      "version": "4.22.5",
      "resolved": "https://registry.npmjs.org/@rollup/rollup-linux-s390x-gnu/-/rollup-linux-s390x-gnu-4.22.5.tgz",
      "integrity": "sha512-bR5nCojtpuMss6TDEmf/jnBnzlo+6n1UhgwqUvRoe4VIotC7FG1IKkyJbwsT7JDsF2jxR+NTnuOwiGv0hLyDoQ==",
      "dev": true,
      "optional": true
    },
    "@rollup/rollup-linux-x64-gnu": {
      "version": "4.22.5",
      "resolved": "https://registry.npmjs.org/@rollup/rollup-linux-x64-gnu/-/rollup-linux-x64-gnu-4.22.5.tgz",
      "integrity": "sha512-N0jPPhHjGShcB9/XXZQWuWBKZQnC1F36Ce3sDqWpujsGjDz/CQtOL9LgTrJ+rJC8MJeesMWrMWVLKKNR/tMOCA==",
      "dev": true,
      "optional": true
    },
    "@rollup/rollup-linux-x64-musl": {
      "version": "4.22.5",
      "resolved": "https://registry.npmjs.org/@rollup/rollup-linux-x64-musl/-/rollup-linux-x64-musl-4.22.5.tgz",
      "integrity": "sha512-uBa2e28ohzNNwjr6Uxm4XyaA1M/8aTgfF2T7UIlElLaeXkgpmIJ2EitVNQxjO9xLLLy60YqAgKn/AqSpCUkE9g==",
      "dev": true,
      "optional": true
    },
    "@rollup/rollup-win32-arm64-msvc": {
      "version": "4.22.5",
      "resolved": "https://registry.npmjs.org/@rollup/rollup-win32-arm64-msvc/-/rollup-win32-arm64-msvc-4.22.5.tgz",
      "integrity": "sha512-RXT8S1HP8AFN/Kr3tg4fuYrNxZ/pZf1HemC5Tsddc6HzgGnJm0+Lh5rAHJkDuW3StI0ynNXukidROMXYl6ew8w==",
      "dev": true,
      "optional": true
    },
    "@rollup/rollup-win32-ia32-msvc": {
      "version": "4.22.5",
      "resolved": "https://registry.npmjs.org/@rollup/rollup-win32-ia32-msvc/-/rollup-win32-ia32-msvc-4.22.5.tgz",
      "integrity": "sha512-ElTYOh50InL8kzyUD6XsnPit7jYCKrphmddKAe1/Ytt74apOxDq5YEcbsiKs0fR3vff3jEneMM+3I7jbqaMyBg==",
      "dev": true,
      "optional": true
    },
    "@rollup/rollup-win32-x64-msvc": {
      "version": "4.22.5",
      "resolved": "https://registry.npmjs.org/@rollup/rollup-win32-x64-msvc/-/rollup-win32-x64-msvc-4.22.5.tgz",
      "integrity": "sha512-+lvL/4mQxSV8MukpkKyyvfwhH266COcWlXE/1qxwN08ajovta3459zrjLghYMgDerlzNwLAcFpvU+WWE5y6nAQ==",
      "dev": true,
      "optional": true
    },
    "@size-limit/esbuild": {
      "version": "8.2.6",
      "resolved": "https://registry.npmjs.org/@size-limit/esbuild/-/esbuild-8.2.6.tgz",
      "integrity": "sha512-a4c8xVDuDMYw5jF655ADjQDluw3jGPPYer6UJock5rSnUlWnIbmT/Ohud7gJGq5gqyLUQOCrBD7NB3g+mlhj4g==",
      "dev": true,
      "requires": {
        "esbuild": "^0.18.6",
        "nanoid": "^3.3.6"
      },
      "dependencies": {
        "@esbuild/android-arm": {
          "version": "0.18.6",
          "resolved": "https://registry.npmjs.org/@esbuild/android-arm/-/android-arm-0.18.6.tgz",
          "integrity": "sha512-J3lwhDSXBBppSzm/LC1uZ8yKSIpExc+5T8MxrYD9KNVZG81FOAu2VF2gXi/6A/LwDDQQ+b6DpQbYlo3VwxFepQ==",
          "dev": true,
          "optional": true
        },
        "@esbuild/android-arm64": {
          "version": "0.18.6",
          "resolved": "https://registry.npmjs.org/@esbuild/android-arm64/-/android-arm64-0.18.6.tgz",
          "integrity": "sha512-pL0Ci8P9q1sWbtPx8CXbc8JvPvvYdJJQ+LO09PLFsbz3aYNdFBGWJjiHU+CaObO4Ames+GOFpXRAJZS2L3ZK/A==",
          "dev": true,
          "optional": true
        },
        "@esbuild/android-x64": {
          "version": "0.18.6",
          "resolved": "https://registry.npmjs.org/@esbuild/android-x64/-/android-x64-0.18.6.tgz",
          "integrity": "sha512-hE2vZxOlJ05aY28lUpB0y0RokngtZtcUB+TVl9vnLEnY0z/8BicSvrkThg5/iI1rbf8TwXrbr2heEjl9fLf+EA==",
          "dev": true,
          "optional": true
        },
        "@esbuild/darwin-arm64": {
          "version": "0.18.6",
          "resolved": "https://registry.npmjs.org/@esbuild/darwin-arm64/-/darwin-arm64-0.18.6.tgz",
          "integrity": "sha512-/tuyl4R+QhhoROQtuQj9E/yfJtZNdv2HKaHwYhhHGQDN1Teziem2Kh7BWQMumfiY7Lu9g5rO7scWdGE4OsQ6MQ==",
          "dev": true,
          "optional": true
        },
        "@esbuild/darwin-x64": {
          "version": "0.18.6",
          "resolved": "https://registry.npmjs.org/@esbuild/darwin-x64/-/darwin-x64-0.18.6.tgz",
          "integrity": "sha512-L7IQga2pDT+14Ti8HZwsVfbCjuKP4U213T3tuPggOzyK/p4KaUJxQFXJgfUFHKzU0zOXx8QcYRYZf0hSQtppkw==",
          "dev": true,
          "optional": true
        },
        "@esbuild/freebsd-arm64": {
          "version": "0.18.6",
          "resolved": "https://registry.npmjs.org/@esbuild/freebsd-arm64/-/freebsd-arm64-0.18.6.tgz",
          "integrity": "sha512-bq10jFv42V20Kk77NvmO+WEZaLHBKuXcvEowixnBOMkaBgS7kQaqTc77ZJDbsUpXU3KKNLQFZctfaeINmeTsZA==",
          "dev": true,
          "optional": true
        },
        "@esbuild/freebsd-x64": {
          "version": "0.18.6",
          "resolved": "https://registry.npmjs.org/@esbuild/freebsd-x64/-/freebsd-x64-0.18.6.tgz",
          "integrity": "sha512-HbDLlkDZqUMBQaiday0pJzB6/8Xx/10dI3xRebJBReOEeDSeS+7GzTtW9h8ZnfB7/wBCqvtAjGtWQLTNPbR2+g==",
          "dev": true,
          "optional": true
        },
        "@esbuild/linux-arm": {
          "version": "0.18.6",
          "resolved": "https://registry.npmjs.org/@esbuild/linux-arm/-/linux-arm-0.18.6.tgz",
          "integrity": "sha512-C+5kb6rgsGMmvIdUI7v1PPgC98A6BMv233e97aXZ5AE03iMdlILFD/20HlHrOi0x2CzbspXn9HOnlE4/Ijn5Kw==",
          "dev": true,
          "optional": true
        },
        "@esbuild/linux-arm64": {
          "version": "0.18.6",
          "resolved": "https://registry.npmjs.org/@esbuild/linux-arm64/-/linux-arm64-0.18.6.tgz",
          "integrity": "sha512-NMY9yg/88MskEZH2s4i6biz/3av+M8xY5ua4HE7CCz5DBz542cr7REe317+v7oKjnYBCijHpkzo5vU85bkXQmQ==",
          "dev": true,
          "optional": true
        },
        "@esbuild/linux-ia32": {
          "version": "0.18.6",
          "resolved": "https://registry.npmjs.org/@esbuild/linux-ia32/-/linux-ia32-0.18.6.tgz",
          "integrity": "sha512-AXazA0ljvQEp7cA9jscABNXsjodKbEcqPcAE3rDzKN82Vb3lYOq6INd+HOCA7hk8IegEyHW4T72Z7QGIhyCQEA==",
          "dev": true,
          "optional": true
        },
        "@esbuild/linux-loong64": {
          "version": "0.18.6",
          "resolved": "https://registry.npmjs.org/@esbuild/linux-loong64/-/linux-loong64-0.18.6.tgz",
          "integrity": "sha512-JjBf7TwY7ldcPgHYt9UcrjZB03+WZqg/jSwMAfzOzM5ZG+tu5umUqzy5ugH/crGI4eoDIhSOTDp1NL3Uo/05Fw==",
          "dev": true,
          "optional": true
        },
        "@esbuild/linux-mips64el": {
          "version": "0.18.6",
          "resolved": "https://registry.npmjs.org/@esbuild/linux-mips64el/-/linux-mips64el-0.18.6.tgz",
          "integrity": "sha512-kATNsslryVxcH1sO3KP2nnyUWtZZVkgyhAUnyTVVa0OQQ9pmDRjTpHaE+2EQHoCM5wt/uav2edrAUqbwn3tkKQ==",
          "dev": true,
          "optional": true
        },
        "@esbuild/linux-ppc64": {
          "version": "0.18.6",
          "resolved": "https://registry.npmjs.org/@esbuild/linux-ppc64/-/linux-ppc64-0.18.6.tgz",
          "integrity": "sha512-B+wTKz+8pi7mcWXFQV0LA79dJ+qhiut5uK9q0omoKnq8yRIwQJwfg3/vclXoqqcX89Ri5Y5538V0Se2v5qlcLA==",
          "dev": true,
          "optional": true
        },
        "@esbuild/linux-riscv64": {
          "version": "0.18.6",
          "resolved": "https://registry.npmjs.org/@esbuild/linux-riscv64/-/linux-riscv64-0.18.6.tgz",
          "integrity": "sha512-h44RBLVXFUSjvhOfseE+5UxQ/r9LVeqK2S8JziJKOm9W7SePYRPDyn7MhzhNCCFPkcjIy+soCxfhlJXHXXCR0A==",
          "dev": true,
          "optional": true
        },
        "@esbuild/linux-s390x": {
          "version": "0.18.6",
          "resolved": "https://registry.npmjs.org/@esbuild/linux-s390x/-/linux-s390x-0.18.6.tgz",
          "integrity": "sha512-FlYpyr2Xc2AUePoAbc84NRV+mj7xpsISeQ36HGf9etrY5rTBEA+IU9HzWVmw5mDFtC62EQxzkLRj8h5Hq85yOQ==",
          "dev": true,
          "optional": true
        },
        "@esbuild/linux-x64": {
          "version": "0.18.6",
          "resolved": "https://registry.npmjs.org/@esbuild/linux-x64/-/linux-x64-0.18.6.tgz",
          "integrity": "sha512-Mc4EUSYwzLci77u0Kao6ajB2WbTe5fNc7+lHwS3a+vJISC/oprwURezUYu1SdWAYoczbsyOvKAJwuNftoAdjjg==",
          "dev": true,
          "optional": true
        },
        "@esbuild/netbsd-x64": {
          "version": "0.18.6",
          "resolved": "https://registry.npmjs.org/@esbuild/netbsd-x64/-/netbsd-x64-0.18.6.tgz",
          "integrity": "sha512-3hgZlp7NqIM5lNG3fpdhBI5rUnPmdahraSmwAi+YX/bp7iZ7mpTv2NkypGs/XngdMtpzljICxnUG3uPfqLFd3w==",
          "dev": true,
          "optional": true
        },
        "@esbuild/openbsd-x64": {
          "version": "0.18.6",
          "resolved": "https://registry.npmjs.org/@esbuild/openbsd-x64/-/openbsd-x64-0.18.6.tgz",
          "integrity": "sha512-aEWTdZQHtSRROlDYn7ygB8yAqtnall/UnmoVIJVqccKitkAWVVSYocQUWrBOxLEFk8XdlRouVrLZe6WXszyviA==",
          "dev": true,
          "optional": true
        },
        "@esbuild/sunos-x64": {
          "version": "0.18.6",
          "resolved": "https://registry.npmjs.org/@esbuild/sunos-x64/-/sunos-x64-0.18.6.tgz",
          "integrity": "sha512-uxk/5yAGpjKZUHOECtI9W+9IcLjKj+2m0qf+RG7f7eRBHr8wP6wsr3XbNbgtOD1qSpPapd6R2ZfSeXTkCcAo5g==",
          "dev": true,
          "optional": true
        },
        "@esbuild/win32-arm64": {
          "version": "0.18.6",
          "resolved": "https://registry.npmjs.org/@esbuild/win32-arm64/-/win32-arm64-0.18.6.tgz",
          "integrity": "sha512-oXlXGS9zvNCGoAT/tLHAsFKrIKye1JaIIP0anCdpaI+Dc10ftaNZcqfLzEwyhdzFAYInXYH4V7kEdH4hPyo9GA==",
          "dev": true,
          "optional": true
        },
        "@esbuild/win32-ia32": {
          "version": "0.18.6",
          "resolved": "https://registry.npmjs.org/@esbuild/win32-ia32/-/win32-ia32-0.18.6.tgz",
          "integrity": "sha512-qh7IcAHUvvmMBmoIG+V+BbE9ZWSR0ohF51e5g8JZvU08kZF58uDFL5tHs0eoYz31H6Finv17te3W3QB042GqVA==",
          "dev": true,
          "optional": true
        },
        "@esbuild/win32-x64": {
          "version": "0.18.6",
          "resolved": "https://registry.npmjs.org/@esbuild/win32-x64/-/win32-x64-0.18.6.tgz",
          "integrity": "sha512-9UDwkz7Wlm4N9jnv+4NL7F8vxLhSZfEkRArz2gD33HesAFfMLGIGNVXRoIHtWNw8feKsnGly9Hq1EUuRkWl0zA==",
          "dev": true,
          "optional": true
        },
        "esbuild": {
          "version": "0.18.6",
          "resolved": "https://registry.npmjs.org/esbuild/-/esbuild-0.18.6.tgz",
          "integrity": "sha512-5QgxWaAhU/tPBpvkxUmnFv2YINHuZzjbk0LeUUnC2i3aJHjfi5yR49lgKgF7cb98bclOp/kans8M5TGbGFfJlQ==",
          "dev": true,
          "requires": {
            "@esbuild/android-arm": "0.18.6",
            "@esbuild/android-arm64": "0.18.6",
            "@esbuild/android-x64": "0.18.6",
            "@esbuild/darwin-arm64": "0.18.6",
            "@esbuild/darwin-x64": "0.18.6",
            "@esbuild/freebsd-arm64": "0.18.6",
            "@esbuild/freebsd-x64": "0.18.6",
            "@esbuild/linux-arm": "0.18.6",
            "@esbuild/linux-arm64": "0.18.6",
            "@esbuild/linux-ia32": "0.18.6",
            "@esbuild/linux-loong64": "0.18.6",
            "@esbuild/linux-mips64el": "0.18.6",
            "@esbuild/linux-ppc64": "0.18.6",
            "@esbuild/linux-riscv64": "0.18.6",
            "@esbuild/linux-s390x": "0.18.6",
            "@esbuild/linux-x64": "0.18.6",
            "@esbuild/netbsd-x64": "0.18.6",
            "@esbuild/openbsd-x64": "0.18.6",
            "@esbuild/sunos-x64": "0.18.6",
            "@esbuild/win32-arm64": "0.18.6",
            "@esbuild/win32-ia32": "0.18.6",
            "@esbuild/win32-x64": "0.18.6"
          }
        }
      }
    },
    "@size-limit/file": {
      "version": "8.2.6",
      "resolved": "https://registry.npmjs.org/@size-limit/file/-/file-8.2.6.tgz",
      "integrity": "sha512-B7ayjxiJsbtXdIIWazJkB5gezi5WBMecdHTFPMDhI3NwEML1RVvUjAkrb1mPAAkIpt2LVHPnhdCUHjqDdjugwg==",
      "dev": true,
      "requires": {
        "semver": "7.5.3"
      }
    },
    "@size-limit/preset-small-lib": {
      "version": "8.2.6",
      "resolved": "https://registry.npmjs.org/@size-limit/preset-small-lib/-/preset-small-lib-8.2.6.tgz",
      "integrity": "sha512-roanEuscDaaXDsT5Cg9agMbmsQVlMr66eRg3AwT2o4vE7WFLR8Z42p0AHZiwucW1nGpCxAh8E08Qa/yyVuj5nA==",
      "dev": true,
      "requires": {
        "@size-limit/esbuild": "8.2.6",
        "@size-limit/file": "8.2.6",
        "size-limit": "8.2.6"
      }
    },
    "@types/debug": {
      "version": "4.1.12",
      "resolved": "https://registry.npmjs.org/@types/debug/-/debug-4.1.12.tgz",
      "integrity": "sha512-vIChWdVG3LG1SMxEvI/AK+FWJthlrqlTu7fbrlywTkkaONwk/UAGaULXRlf8vkzFBLVm0zkMdCquhL5aOjhXPQ==",
      "requires": {
        "@types/ms": "*"
      }
    },
    "@types/estree": {
      "version": "1.0.6",
      "resolved": "https://registry.npmjs.org/@types/estree/-/estree-1.0.6.tgz",
      "integrity": "sha512-AYnb1nQyY49te+VRAVgmzfcgjYS91mY5P0TKUDCLEM+gNnA+3T6rWITXRLYCpahpqSQbN5cE+gHpnPyXjHWxcw==",
      "dev": true
    },
    "@types/ms": {
      "version": "0.7.31",
      "resolved": "https://registry.npmjs.org/@types/ms/-/ms-0.7.31.tgz",
      "integrity": "sha512-iiUgKzV9AuaEkZqkOLDIvlQiL6ltuZd9tGcW3gwpnX8JbuiuhFlEGmmFXEXkN50Cvq7Os88IY2v0dkDqXYWVgA=="
    },
    "@types/prop-types": {
      "version": "15.7.13",
      "resolved": "https://registry.npmjs.org/@types/prop-types/-/prop-types-15.7.13.tgz",
      "integrity": "sha512-hCZTSvwbzWGvhqxp/RqVqwU999pBf2vp7hzIjiYOsl8wqOmUxkQ6ddw1cV3l8811+kdUFus/q4d1Y3E3SyEifA==",
      "dev": true
    },
    "@types/react": {
      "version": "18.3.10",
      "resolved": "https://registry.npmjs.org/@types/react/-/react-18.3.10.tgz",
      "integrity": "sha512-02sAAlBnP39JgXwkAq3PeU9DVaaGpZyF3MGcC0MKgQVkZor5IiiDAipVaxQHtDJAmO4GIy/rVBy/LzVj76Cyqg==",
      "dev": true,
      "requires": {
        "@types/prop-types": "*",
        "csstype": "^3.0.2"
      }
    },
    "anymatch": {
      "version": "3.1.3",
      "resolved": "https://registry.npmjs.org/anymatch/-/anymatch-3.1.3.tgz",
      "integrity": "sha512-KMReFUr0B4t+D+OBkjR3KYqvocp2XaSzO55UcB6mgQMd3KbcE+mWTyvVV7D/zsdEbNnV6acZUutkiHQXvTr1Rw==",
      "dev": true,
      "requires": {
        "normalize-path": "^3.0.0",
        "picomatch": "^2.0.4"
      }
    },
    "array-union": {
      "version": "2.1.0",
      "resolved": "https://registry.npmjs.org/array-union/-/array-union-2.1.0.tgz",
      "integrity": "sha512-HGyxoOTYUyCM6stUe6EJgnd4EoewAI7zMdfqO+kGjnlZmBDz/cR5pf8r/cR4Wq60sL/p0IkcjUEEPwS3GFrIyw==",
      "dev": true
    },
    "binary-extensions": {
      "version": "2.2.0",
      "resolved": "https://registry.npmjs.org/binary-extensions/-/binary-extensions-2.2.0.tgz",
      "integrity": "sha512-jDctJ/IVQbZoJykoeHbhXpOlNBqGNcwXJKJog42E5HDPUwQTSdjCHdihjj0DlnheQ7blbT6dHOafNAiS8ooQKA==",
      "dev": true
    },
    "braces": {
      "version": "3.0.2",
      "resolved": "https://registry.npmjs.org/braces/-/braces-3.0.2.tgz",
      "integrity": "sha512-b8um+L1RzM3WDSzvhm6gIz1yfTbBt6YTlcEKAvsmqCZZFw46z626lVj9j1yEPW33H5H+lBQpZMP1k8l+78Ha0A==",
      "dev": true,
      "requires": {
        "fill-range": "^7.0.1"
      }
    },
    "bytes-iec": {
      "version": "3.1.1",
      "resolved": "https://registry.npmjs.org/bytes-iec/-/bytes-iec-3.1.1.tgz",
      "integrity": "sha512-fey6+4jDK7TFtFg/klGSvNKJctyU7n2aQdnM+CO0ruLPbqqMOM8Tio0Pc+deqUeVKX1tL5DQep1zQ7+37aTAsA==",
      "dev": true
    },
    "chokidar": {
      "version": "3.5.3",
      "resolved": "https://registry.npmjs.org/chokidar/-/chokidar-3.5.3.tgz",
      "integrity": "sha512-Dr3sfKRP6oTcjf2JmUmFJfeVMvXBdegxB0iVQ5eb2V10uFJUCAS8OByZdVAyVb8xXNz3GjjTgj9kLWsZTqE6kw==",
      "dev": true,
      "requires": {
        "anymatch": "~3.1.2",
        "braces": "~3.0.2",
        "fsevents": "~2.3.2",
        "glob-parent": "~5.1.2",
        "is-binary-path": "~2.1.0",
        "is-glob": "~4.0.1",
        "normalize-path": "~3.0.0",
        "readdirp": "~3.6.0"
      }
    },
    "csstype": {
      "version": "3.1.3",
      "resolved": "https://registry.npmjs.org/csstype/-/csstype-3.1.3.tgz",
      "integrity": "sha512-M1uQkMl8rQK/szD0LNhtqxIPLpimGm8sOBwU7lLnCpSbTyY3yeU1Vc7l4KT5zT4s/yOxHH5O7tIuuLOCnLADRw==",
      "dev": true
    },
    "dir-glob": {
      "version": "3.0.1",
      "resolved": "https://registry.npmjs.org/dir-glob/-/dir-glob-3.0.1.tgz",
      "integrity": "sha512-WkrWp9GR4KXfKGYzOLmTuGVi1UWFfws377n9cc55/tb6DuqyF6pcQ5AbiHEshaDpY9v6oaSr2XCDidGmMwdzIA==",
      "dev": true,
      "requires": {
        "path-type": "^4.0.0"
      }
    },
    "esbuild": {
      "version": "0.21.5",
      "resolved": "https://registry.npmjs.org/esbuild/-/esbuild-0.21.5.tgz",
      "integrity": "sha512-mg3OPMV4hXywwpoDxu3Qda5xCKQi+vCTZq8S9J/EpkhB2HzKXq4SNFZE3+NK93JYxc8VMSep+lOUSC/RVKaBqw==",
      "dev": true,
      "requires": {
        "@esbuild/aix-ppc64": "0.21.5",
        "@esbuild/android-arm": "0.21.5",
        "@esbuild/android-arm64": "0.21.5",
        "@esbuild/android-x64": "0.21.5",
        "@esbuild/darwin-arm64": "0.21.5",
        "@esbuild/darwin-x64": "0.21.5",
        "@esbuild/freebsd-arm64": "0.21.5",
        "@esbuild/freebsd-x64": "0.21.5",
        "@esbuild/linux-arm": "0.21.5",
        "@esbuild/linux-arm64": "0.21.5",
        "@esbuild/linux-ia32": "0.21.5",
        "@esbuild/linux-loong64": "0.21.5",
        "@esbuild/linux-mips64el": "0.21.5",
        "@esbuild/linux-ppc64": "0.21.5",
        "@esbuild/linux-riscv64": "0.21.5",
        "@esbuild/linux-s390x": "0.21.5",
        "@esbuild/linux-x64": "0.21.5",
        "@esbuild/netbsd-x64": "0.21.5",
        "@esbuild/openbsd-x64": "0.21.5",
        "@esbuild/sunos-x64": "0.21.5",
        "@esbuild/win32-arm64": "0.21.5",
        "@esbuild/win32-ia32": "0.21.5",
        "@esbuild/win32-x64": "0.21.5"
      }
    },
    "fast-glob": {
      "version": "3.2.12",
      "resolved": "https://registry.npmjs.org/fast-glob/-/fast-glob-3.2.12.tgz",
      "integrity": "sha512-DVj4CQIYYow0BlaelwK1pHl5n5cRSJfM60UA0zK891sVInoPri2Ekj7+e1CT3/3qxXenpI+nBBmQAcJPJgaj4w==",
      "dev": true,
      "requires": {
        "@nodelib/fs.stat": "^2.0.2",
        "@nodelib/fs.walk": "^1.2.3",
        "glob-parent": "^5.1.2",
        "merge2": "^1.3.0",
        "micromatch": "^4.0.4"
      }
    },
    "fastq": {
      "version": "1.15.0",
      "resolved": "https://registry.npmjs.org/fastq/-/fastq-1.15.0.tgz",
      "integrity": "sha512-wBrocU2LCXXa+lWBt8RoIRD89Fi8OdABODa/kEnyeyjS5aZO5/GNvI5sEINADqP/h8M29UHTHUb53sUu5Ihqdw==",
      "dev": true,
      "requires": {
        "reusify": "^1.0.4"
      }
    },
    "fill-range": {
      "version": "7.0.1",
      "resolved": "https://registry.npmjs.org/fill-range/-/fill-range-7.0.1.tgz",
      "integrity": "sha512-qOo9F+dMUmC2Lcb4BbVvnKJxTPjCm+RRpe4gDuGrzkL7mEVl/djYSu2OdQ2Pa302N4oqkSg9ir6jaLWJ2USVpQ==",
      "dev": true,
      "requires": {
        "to-regex-range": "^5.0.1"
      }
    },
    "fsevents": {
      "version": "2.3.2",
      "resolved": "https://registry.npmjs.org/fsevents/-/fsevents-2.3.2.tgz",
      "integrity": "sha512-xiqMQR4xAeHTuB9uWm+fFRcIOgKBMiOBP+eXiyT7jsgVCq1bkVygt00oASowB7EdtpOHaaPgKt812P9ab+DDKA==",
      "dev": true,
      "optional": true
    },
    "glissando": {
      "version": "0.8.7",
      "resolved": "https://registry.npmjs.org/glissando/-/glissando-0.8.7.tgz",
      "integrity": "sha512-/m05zzHxp2xTM+O1oTc9DpnNmrc1Wfi3VjNoCgArMP4aTxgenaAbSpYbUzcPb5KZtZ6oxaxuL+W8lq6HMwfCRA==",
      "requires": {
        "mithril-stream-standalone": "0.1.6"
      }
    },
    "glob-parent": {
      "version": "5.1.2",
      "resolved": "https://registry.npmjs.org/glob-parent/-/glob-parent-5.1.2.tgz",
      "integrity": "sha512-AOIgSQCepiJYwP3ARnGx+5VnTu2HBYdzbGP45eLw1vr3zB3vZLeyed1sC9hnbcOc9/SrMyM5RPQrkGz4aS9Zow==",
      "dev": true,
      "requires": {
        "is-glob": "^4.0.1"
      }
    },
    "globby": {
      "version": "11.1.0",
      "resolved": "https://registry.npmjs.org/globby/-/globby-11.1.0.tgz",
      "integrity": "sha512-jhIXaOzy1sb8IyocaruWSn1TjmnBVs8Ayhcy83rmxNJ8q2uWKCAj3CnJY+KpGSXCueAPc0i05kVvVKtP1t9S3g==",
      "dev": true,
      "requires": {
        "array-union": "^2.1.0",
        "dir-glob": "^3.0.1",
        "fast-glob": "^3.2.9",
        "ignore": "^5.2.0",
        "merge2": "^1.4.1",
        "slash": "^3.0.0"
      }
    },
    "ignore": {
      "version": "5.2.4",
      "resolved": "https://registry.npmjs.org/ignore/-/ignore-5.2.4.tgz",
      "integrity": "sha512-MAb38BcSbH0eHNBxn7ql2NH/kX33OkB3lZ1BNdh7ENeRChHTYsTvWrMubiIAMNS2llXEEgZ1MUOBtXChP3kaFQ==",
      "dev": true
    },
    "is-binary-path": {
      "version": "2.1.0",
      "resolved": "https://registry.npmjs.org/is-binary-path/-/is-binary-path-2.1.0.tgz",
      "integrity": "sha512-ZMERYes6pDydyuGidse7OsHxtbI7WVeUEozgR/g7rd0xUimYNlvZRE/K2MgZTjWy725IfelLeVcEM97mmtRGXw==",
      "dev": true,
      "requires": {
        "binary-extensions": "^2.0.0"
      }
    },
    "is-extglob": {
      "version": "2.1.1",
      "resolved": "https://registry.npmjs.org/is-extglob/-/is-extglob-2.1.1.tgz",
      "integrity": "sha512-SbKbANkN603Vi4jEZv49LeVJMn4yGwsbzZworEoyEiutsN3nJYdbO36zfhGJ6QEDpOZIFkDtnq5JRxmvl3jsoQ==",
      "dev": true
    },
    "is-glob": {
      "version": "4.0.3",
      "resolved": "https://registry.npmjs.org/is-glob/-/is-glob-4.0.3.tgz",
      "integrity": "sha512-xelSayHH36ZgE7ZWhli7pW34hNbNl8Ojv5KVmkJD4hBdD3th8Tfk9vYasLM+mXWOZhFkgZfxhLSnrwRr4elSSg==",
      "dev": true,
      "requires": {
        "is-extglob": "^2.1.1"
      }
    },
    "is-number": {
      "version": "7.0.0",
      "resolved": "https://registry.npmjs.org/is-number/-/is-number-7.0.0.tgz",
      "integrity": "sha512-41Cifkg6e8TylSpdtTpeLVMqvSBEVzTttHvERD741+pnZ8ANv0004MRL43QKPDlK9cGvNp6NZWZUBlbGXYxxng==",
      "dev": true
    },
    "js-tokens": {
      "version": "4.0.0",
      "resolved": "https://registry.npmjs.org/js-tokens/-/js-tokens-4.0.0.tgz",
      "integrity": "sha512-RdJUflcE3cUzKiMqQgsCu06FPu9UdIJO0beYbPhHN4k6apgJtifcoCtT9bcxOpYBtpD2kCM6Sbzg4CausW/PKQ==",
      "dev": true
    },
    "lilconfig": {
      "version": "2.1.0",
      "resolved": "https://registry.npmjs.org/lilconfig/-/lilconfig-2.1.0.tgz",
      "integrity": "sha512-utWOt/GHzuUxnLKxB6dk81RoOeoNeHgbrXiuGk4yyF5qlRz+iIVWu56E2fqGHFrXz0QNUhLB/8nKqvRH66JKGQ==",
      "dev": true
    },
    "loose-envify": {
      "version": "1.4.0",
      "resolved": "https://registry.npmjs.org/loose-envify/-/loose-envify-1.4.0.tgz",
      "integrity": "sha512-lyuxPGr/Wfhrlem2CL/UcnUc1zcqKAImBDzukY7Y5F/yQiNdko6+fRLevlw1HgMySw7f611UIY408EtxRSoK3Q==",
      "dev": true,
      "requires": {
        "js-tokens": "^3.0.0 || ^4.0.0"
      }
    },
    "lru-cache": {
      "version": "6.0.0",
      "resolved": "https://registry.npmjs.org/lru-cache/-/lru-cache-6.0.0.tgz",
      "integrity": "sha512-Jo6dJ04CmSjuznwJSS3pUeWmd/H0ffTlkXXgwZi+eq1UCmqQwCh+eLsYOYCwY991i2Fah4h1BEMCx4qThGbsiA==",
      "dev": true,
      "requires": {
        "yallist": "^4.0.0"
      }
    },
    "merge2": {
      "version": "1.4.1",
      "resolved": "https://registry.npmjs.org/merge2/-/merge2-1.4.1.tgz",
      "integrity": "sha512-8q7VEgMJW4J8tcfVPy8g09NcQwZdbwFEqhe/WZkoIzjn/3TGDwtOCYtXGxA3O8tPzpczCCDgv+P2P5y00ZJOOg==",
      "dev": true
    },
    "micromatch": {
      "version": "4.0.5",
      "resolved": "https://registry.npmjs.org/micromatch/-/micromatch-4.0.5.tgz",
      "integrity": "sha512-DMy+ERcEW2q8Z2Po+WNXuw3c5YaUSFjAO5GsJqfEl7UjvtIuFKO6ZrKvcItdy98dwFI2N1tg3zNIdKaQT+aNdA==",
      "dev": true,
      "requires": {
        "braces": "^3.0.2",
        "picomatch": "^2.3.1"
      }
    },
    "mithril-stream-standalone": {
      "version": "0.1.6",
      "resolved": "https://registry.npmjs.org/mithril-stream-standalone/-/mithril-stream-standalone-0.1.6.tgz",
      "integrity": "sha512-sDjbaJrq/CHDofocE392PUBToEBn23cUsF3igdUk3tpNwM9Dpi7mUNZzaJrwexHr6hnM25Sbg460efGu2z5+YA=="
    },
    "nanoid": {
      "version": "3.3.6",
      "resolved": "https://registry.npmjs.org/nanoid/-/nanoid-3.3.6.tgz",
      "integrity": "sha512-BGcqMMJuToF7i1rt+2PWSNVnWIkGCU78jBG3RxO/bZlnZPK2Cmi2QaffxGO/2RvWi9sL+FAiRiXMgsyxQ1DIDA==",
      "dev": true
    },
    "nanospinner": {
      "version": "1.1.0",
      "resolved": "https://registry.npmjs.org/nanospinner/-/nanospinner-1.1.0.tgz",
      "integrity": "sha512-yFvNYMig4AthKYfHFl1sLj7B2nkHL4lzdig4osvl9/LdGbXwrdFRoqBS98gsEsOakr0yH+r5NZ/1Y9gdVB8trA==",
      "dev": true,
      "requires": {
        "picocolors": "^1.0.0"
      }
    },
    "normalize-path": {
      "version": "3.0.0",
      "resolved": "https://registry.npmjs.org/normalize-path/-/normalize-path-3.0.0.tgz",
      "integrity": "sha512-6eZs5Ls3WtCisHWp9S2GUy8dqkpGi4BVSz3GaqiE6ezub0512ESztXUwUB6C6IKbQkY2Pnb/mD4WYojCRwcwLA==",
      "dev": true
    },
    "path-type": {
      "version": "4.0.0",
      "resolved": "https://registry.npmjs.org/path-type/-/path-type-4.0.0.tgz",
      "integrity": "sha512-gDKb8aZMDeD/tZWs9P6+q0J9Mwkdl6xMV8TjnGP3qJVJ06bdMgkbBlLU8IdfOsIsFz2BW1rNVT3XuNEl8zPAvw==",
      "dev": true
    },
    "picocolors": {
      "version": "1.0.0",
      "resolved": "https://registry.npmjs.org/picocolors/-/picocolors-1.0.0.tgz",
      "integrity": "sha512-1fygroTLlHu66zi26VoTDv8yRgm0Fccecssto+MhsZ0D/DGW2sm8E8AjW7NU5VVTRt5GxbeZ5qBuJr+HyLYkjQ==",
      "dev": true
    },
    "picomatch": {
      "version": "2.3.1",
      "resolved": "https://registry.npmjs.org/picomatch/-/picomatch-2.3.1.tgz",
      "integrity": "sha512-JU3teHTNjmE2VCGFzuY8EXzCDVwEqB2a8fsIvwaStHhAWJEeVd1o1QD80CU6+ZdEXXSLbSsuLwJjkCBWqRQUVA==",
      "dev": true
    },
    "postcss": {
      "version": "8.4.47",
      "resolved": "https://registry.npmjs.org/postcss/-/postcss-8.4.47.tgz",
      "integrity": "sha512-56rxCq7G/XfB4EkXq9Egn5GCqugWvDFjafDOThIdMBsI15iqPqR5r15TfSr1YPYeEI19YeaXMCbY6u88Y76GLQ==",
      "dev": true,
      "requires": {
        "nanoid": "^3.3.7",
        "picocolors": "^1.1.0",
        "source-map-js": "^1.2.1"
      },
      "dependencies": {
        "nanoid": {
          "version": "3.3.7",
          "resolved": "https://registry.npmjs.org/nanoid/-/nanoid-3.3.7.tgz",
          "integrity": "sha512-eSRppjcPIatRIMC1U6UngP8XFcz8MQWGQdt1MTBQ7NaAmvXDfvNxbvWV3x2y6CdEUciCSsDHDQZbhYaB8QEo2g==",
          "dev": true
        },
        "picocolors": {
          "version": "1.1.0",
          "resolved": "https://registry.npmjs.org/picocolors/-/picocolors-1.1.0.tgz",
          "integrity": "sha512-TQ92mBOW0l3LeMeyLV6mzy/kWr8lkd/hp3mTg7wYK7zJhuBStmGMBG0BdeDZS/dZx1IukaX6Bk11zcln25o1Aw==",
          "dev": true
        }
      }
    },
    "queue-microtask": {
      "version": "1.2.3",
      "resolved": "https://registry.npmjs.org/queue-microtask/-/queue-microtask-1.2.3.tgz",
      "integrity": "sha512-NuaNSa6flKT5JaSYQzJok04JzTL1CA6aGhv5rfLW3PgqA+M2ChpZQnAC8h8i4ZFkBS8X5RqkDBHA7r4hej3K9A==",
      "dev": true
    },
    "react": {
      "version": "18.3.1",
      "resolved": "https://registry.npmjs.org/react/-/react-18.3.1.tgz",
      "integrity": "sha512-wS+hAgJShR0KhEvPJArfuPVN1+Hz1t0Y6n5jLrGQbkb4urgPE/0Rve+1kMB1v/oWgHgm4WIcV+i7F2pTVj+2iQ==",
      "dev": true,
      "requires": {
        "loose-envify": "^1.1.0"
      }
    },
    "readdirp": {
      "version": "3.6.0",
      "resolved": "https://registry.npmjs.org/readdirp/-/readdirp-3.6.0.tgz",
      "integrity": "sha512-hOS089on8RduqdbhvQ5Z37A0ESjsqz6qnRcffsMU3495FuTdqSm+7bhJ29JvIOsBDEEnan5DPu9t3To9VRlMzA==",
      "dev": true,
      "requires": {
        "picomatch": "^2.2.1"
      }
    },
    "reusify": {
      "version": "1.0.4",
      "resolved": "https://registry.npmjs.org/reusify/-/reusify-1.0.4.tgz",
      "integrity": "sha512-U9nH88a3fc/ekCF1l0/UP1IosiuIjyTh7hBvXVMHYgVcfGvt897Xguj2UOLDeI5BG2m7/uwyaLVT6fbtCwTyzw==",
      "dev": true
    },
    "rollup": {
      "version": "4.22.5",
      "resolved": "https://registry.npmjs.org/rollup/-/rollup-4.22.5.tgz",
      "integrity": "sha512-WoinX7GeQOFMGznEcWA1WrTQCd/tpEbMkc3nuMs9BT0CPjMdSjPMTVClwWd4pgSQwJdP65SK9mTCNvItlr5o7w==",
      "dev": true,
      "requires": {
        "@rollup/rollup-android-arm-eabi": "4.22.5",
        "@rollup/rollup-android-arm64": "4.22.5",
        "@rollup/rollup-darwin-arm64": "4.22.5",
        "@rollup/rollup-darwin-x64": "4.22.5",
        "@rollup/rollup-linux-arm-gnueabihf": "4.22.5",
        "@rollup/rollup-linux-arm-musleabihf": "4.22.5",
        "@rollup/rollup-linux-arm64-gnu": "4.22.5",
        "@rollup/rollup-linux-arm64-musl": "4.22.5",
        "@rollup/rollup-linux-powerpc64le-gnu": "4.22.5",
        "@rollup/rollup-linux-riscv64-gnu": "4.22.5",
        "@rollup/rollup-linux-s390x-gnu": "4.22.5",
        "@rollup/rollup-linux-x64-gnu": "4.22.5",
        "@rollup/rollup-linux-x64-musl": "4.22.5",
        "@rollup/rollup-win32-arm64-msvc": "4.22.5",
        "@rollup/rollup-win32-ia32-msvc": "4.22.5",
        "@rollup/rollup-win32-x64-msvc": "4.22.5",
        "@types/estree": "1.0.6",
        "fsevents": "~2.3.2"
      }
    },
    "run-parallel": {
      "version": "1.2.0",
      "resolved": "https://registry.npmjs.org/run-parallel/-/run-parallel-1.2.0.tgz",
      "integrity": "sha512-5l4VyZR86LZ/lDxZTR6jqL8AFE2S0IFLMP26AbjsLVADxHdhB/c0GUsH+y39UfCi3dzz8OlQuPmnaJOMoDHQBA==",
      "dev": true,
      "requires": {
        "queue-microtask": "^1.2.2"
      }
    },
    "semver": {
      "version": "7.5.3",
      "resolved": "https://registry.npmjs.org/semver/-/semver-7.5.3.tgz",
      "integrity": "sha512-QBlUtyVk/5EeHbi7X0fw6liDZc7BBmEaSYn01fMU1OUYbf6GPsbTtd8WmnqbI20SeycoHSeiybkE/q1Q+qlThQ==",
      "dev": true,
      "requires": {
        "lru-cache": "^6.0.0"
      }
    },
    "size-limit": {
      "version": "8.2.6",
      "resolved": "https://registry.npmjs.org/size-limit/-/size-limit-8.2.6.tgz",
      "integrity": "sha512-zpznim/tX/NegjoQuRKgWTF4XiB0cn2qt90uJzxYNTFAqexk4b94DOAkBD3TwhC6c3kw2r0KcnA5upziVMZqDg==",
      "dev": true,
      "requires": {
        "bytes-iec": "^3.1.1",
        "chokidar": "^3.5.3",
        "globby": "^11.1.0",
        "lilconfig": "^2.1.0",
        "nanospinner": "^1.1.0",
        "picocolors": "^1.0.0"
      }
    },
    "slash": {
      "version": "3.0.0",
      "resolved": "https://registry.npmjs.org/slash/-/slash-3.0.0.tgz",
      "integrity": "sha512-g9Q1haeby36OSStwb4ntCGGGaKsaVSjQ68fBxoQcutl5fS1vuY18H3wSt3jFyFtrkx+Kz0V1G85A4MyAdDMi2Q==",
      "dev": true
    },
    "source-map-js": {
      "version": "1.2.1",
      "resolved": "https://registry.npmjs.org/source-map-js/-/source-map-js-1.2.1.tgz",
      "integrity": "sha512-UXWMKhLOwVKb728IUtQPXxfYU+usdybtUrK/8uGE8CQMvrhOpwvzDBwj0QhSL7MQc7vIsISBG8VQ8+IDQxpfQA==",
      "dev": true
    },
    "to-regex-range": {
      "version": "5.0.1",
      "resolved": "https://registry.npmjs.org/to-regex-range/-/to-regex-range-5.0.1.tgz",
      "integrity": "sha512-65P7iz6X5yEr1cwcgvQxbbIw7Uk3gOy5dIdtZ4rDveLqhrdJP+Li/Hx6tyK0NEb+2GCyneCMJiGqrADCSNk8sQ==",
      "dev": true,
      "requires": {
        "is-number": "^7.0.0"
      }
    },
    "use-stream": {
      "version": "0.4.3",
      "resolved": "https://registry.npmjs.org/use-stream/-/use-stream-0.4.3.tgz",
      "integrity": "sha512-ZGw7y3HrpN7AhtTefAghsB4YbMvbMgHgrVLKe66A+yjy9WM+uc2WfVfSfuN3PTrlmRc5MJKVLP/y9520aOypLg==",
      "requires": {
        "@types/debug": "^4.1.7"
      }
    },
    "vite": {
      "version": "5.4.8",
      "resolved": "https://registry.npmjs.org/vite/-/vite-5.4.8.tgz",
      "integrity": "sha512-FqrItQ4DT1NC4zCUqMB4c4AZORMKIa0m8/URVCZ77OZ/QSNeJ54bU1vrFADbDsuwfIPcgknRkmqakQcgnL4GiQ==",
      "dev": true,
      "requires": {
        "esbuild": "^0.21.3",
        "fsevents": "~2.3.3",
        "postcss": "^8.4.43",
        "rollup": "^4.20.0"
      },
      "dependencies": {
        "fsevents": {
          "version": "2.3.3",
          "resolved": "https://registry.npmjs.org/fsevents/-/fsevents-2.3.3.tgz",
          "integrity": "sha512-5xoDfX+fL7faATnagmWPpbFtwh/R77WmMMqqHGS65C3vvB0YHrgF+B1YmZ3441tMj5n63k0212XNoJwzlhffQw==",
          "dev": true,
          "optional": true
        }
      }
    },
    "yallist": {
      "version": "4.0.0",
      "resolved": "https://registry.npmjs.org/yallist/-/yallist-4.0.0.tgz",
      "integrity": "sha512-3wdGidZyq5PB084XLES5TpOSRA3wjXAlIWMhum2kRcv/41Sn2emQ0dycQW4uZXLejwKvg6EsvbdlVL+FYEct7A==",
      "dev": true
    }
  }
}
