{
  "name": "glissando-react",
  "version": "0.8.7",
  "lockfileVersion": 1,
  "requires": true,
  "dependencies": {
    "@esbuild/android-arm": {
      "version": "0.17.10",
      "resolved": "https://registry.npmjs.org/@esbuild/android-arm/-/android-arm-0.17.10.tgz",
      "integrity": "sha512-7YEBfZ5lSem9Tqpsz+tjbdsEshlO9j/REJrfv4DXgKTt1+/MHqGwbtlyxQuaSlMeUZLxUKBaX8wdzlTfHkmnLw==",
      "dev": true,
      "optional": true
    },
    "@esbuild/android-arm64": {
      "version": "0.17.10",
      "resolved": "https://registry.npmjs.org/@esbuild/android-arm64/-/android-arm64-0.17.10.tgz",
      "integrity": "sha512-ht1P9CmvrPF5yKDtyC+z43RczVs4rrHpRqrmIuoSvSdn44Fs1n6DGlpZKdK6rM83pFLbVaSUwle8IN+TPmkv7g==",
      "dev": true,
      "optional": true
    },
    "@esbuild/android-x64": {
      "version": "0.17.10",
      "resolved": "https://registry.npmjs.org/@esbuild/android-x64/-/android-x64-0.17.10.tgz",
      "integrity": "sha512-CYzrm+hTiY5QICji64aJ/xKdN70IK8XZ6iiyq0tZkd3tfnwwSWTYH1t3m6zyaaBxkuj40kxgMyj1km/NqdjQZA==",
      "dev": true,
      "optional": true
    },
    "@esbuild/darwin-arm64": {
      "version": "0.17.10",
      "resolved": "https://registry.npmjs.org/@esbuild/darwin-arm64/-/darwin-arm64-0.17.10.tgz",
      "integrity": "sha512-3HaGIowI+nMZlopqyW6+jxYr01KvNaLB5znXfbyyjuo4lE0VZfvFGcguIJapQeQMS4cX/NEispwOekJt3gr5Dg==",
      "dev": true,
      "optional": true
    },
    "@esbuild/darwin-x64": {
      "version": "0.17.10",
      "resolved": "https://registry.npmjs.org/@esbuild/darwin-x64/-/darwin-x64-0.17.10.tgz",
      "integrity": "sha512-J4MJzGchuCRG5n+B4EHpAMoJmBeAE1L3wGYDIN5oWNqX0tEr7VKOzw0ymSwpoeSpdCa030lagGUfnfhS7OvzrQ==",
      "dev": true,
      "optional": true
    },
    "@esbuild/freebsd-arm64": {
      "version": "0.17.10",
      "resolved": "https://registry.npmjs.org/@esbuild/freebsd-arm64/-/freebsd-arm64-0.17.10.tgz",
      "integrity": "sha512-ZkX40Z7qCbugeK4U5/gbzna/UQkM9d9LNV+Fro8r7HA7sRof5Rwxc46SsqeMvB5ZaR0b1/ITQ/8Y1NmV2F0fXQ==",
      "dev": true,
      "optional": true
    },
    "@esbuild/freebsd-x64": {
      "version": "0.17.10",
      "resolved": "https://registry.npmjs.org/@esbuild/freebsd-x64/-/freebsd-x64-0.17.10.tgz",
      "integrity": "sha512-0m0YX1IWSLG9hWh7tZa3kdAugFbZFFx9XrvfpaCMMvrswSTvUZypp0NFKriUurHpBA3xsHVE9Qb/0u2Bbi/otg==",
      "dev": true,
      "optional": true
    },
    "@esbuild/linux-arm": {
      "version": "0.17.10",
      "resolved": "https://registry.npmjs.org/@esbuild/linux-arm/-/linux-arm-0.17.10.tgz",
      "integrity": "sha512-whRdrrl0X+9D6o5f0sTZtDM9s86Xt4wk1bf7ltx6iQqrIIOH+sre1yjpcCdrVXntQPCNw/G+XqsD4HuxeS+2QA==",
      "dev": true,
      "optional": true
    },
    "@esbuild/linux-arm64": {
      "version": "0.17.10",
      "resolved": "https://registry.npmjs.org/@esbuild/linux-arm64/-/linux-arm64-0.17.10.tgz",
      "integrity": "sha512-g1EZJR1/c+MmCgVwpdZdKi4QAJ8DCLP5uTgLWSAVd9wlqk9GMscaNMEViG3aE1wS+cNMzXXgdWiW/VX4J+5nTA==",
      "dev": true,
      "optional": true
    },
    "@esbuild/linux-ia32": {
      "version": "0.17.10",
      "resolved": "https://registry.npmjs.org/@esbuild/linux-ia32/-/linux-ia32-0.17.10.tgz",
      "integrity": "sha512-1vKYCjfv/bEwxngHERp7huYfJ4jJzldfxyfaF7hc3216xiDA62xbXJfRlradiMhGZbdNLj2WA1YwYFzs9IWNPw==",
      "dev": true,
      "optional": true
    },
    "@esbuild/linux-loong64": {
      "version": "0.17.10",
      "resolved": "https://registry.npmjs.org/@esbuild/linux-loong64/-/linux-loong64-0.17.10.tgz",
      "integrity": "sha512-mvwAr75q3Fgc/qz3K6sya3gBmJIYZCgcJ0s7XshpoqIAIBszzfXsqhpRrRdVFAyV1G9VUjj7VopL2HnAS8aHFA==",
      "dev": true,
      "optional": true
    },
    "@esbuild/linux-mips64el": {
      "version": "0.17.10",
      "resolved": "https://registry.npmjs.org/@esbuild/linux-mips64el/-/linux-mips64el-0.17.10.tgz",
      "integrity": "sha512-XilKPgM2u1zR1YuvCsFQWl9Fc35BqSqktooumOY2zj7CSn5czJn279j9TE1JEqSqz88izJo7yE4x3LSf7oxHzg==",
      "dev": true,
      "optional": true
    },
    "@esbuild/linux-ppc64": {
      "version": "0.17.10",
      "resolved": "https://registry.npmjs.org/@esbuild/linux-ppc64/-/linux-ppc64-0.17.10.tgz",
      "integrity": "sha512-kM4Rmh9l670SwjlGkIe7pYWezk8uxKHX4Lnn5jBZYBNlWpKMBCVfpAgAJqp5doLobhzF3l64VZVrmGeZ8+uKmQ==",
      "dev": true,
      "optional": true
    },
    "@esbuild/linux-riscv64": {
      "version": "0.17.10",
      "resolved": "https://registry.npmjs.org/@esbuild/linux-riscv64/-/linux-riscv64-0.17.10.tgz",
      "integrity": "sha512-r1m9ZMNJBtOvYYGQVXKy+WvWd0BPvSxMsVq8Hp4GzdMBQvfZRvRr5TtX/1RdN6Va8JMVQGpxqde3O+e8+khNJQ==",
      "dev": true,
      "optional": true
    },
    "@esbuild/linux-s390x": {
      "version": "0.17.10",
      "resolved": "https://registry.npmjs.org/@esbuild/linux-s390x/-/linux-s390x-0.17.10.tgz",
      "integrity": "sha512-LsY7QvOLPw9WRJ+fU5pNB3qrSfA00u32ND5JVDrn/xG5hIQo3kvTxSlWFRP0NJ0+n6HmhPGG0Q4jtQsb6PFoyg==",
      "dev": true,
      "optional": true
    },
    "@esbuild/linux-x64": {
      "version": "0.17.10",
      "resolved": "https://registry.npmjs.org/@esbuild/linux-x64/-/linux-x64-0.17.10.tgz",
      "integrity": "sha512-zJUfJLebCYzBdIz/Z9vqwFjIA7iSlLCFvVi7glMgnu2MK7XYigwsonXshy9wP9S7szF+nmwrelNaP3WGanstEg==",
      "dev": true,
      "optional": true
    },
    "@esbuild/netbsd-x64": {
      "version": "0.17.10",
      "resolved": "https://registry.npmjs.org/@esbuild/netbsd-x64/-/netbsd-x64-0.17.10.tgz",
      "integrity": "sha512-lOMkailn4Ok9Vbp/q7uJfgicpDTbZFlXlnKT2DqC8uBijmm5oGtXAJy2ZZVo5hX7IOVXikV9LpCMj2U8cTguWA==",
      "dev": true,
      "optional": true
    },
    "@esbuild/openbsd-x64": {
      "version": "0.17.10",
      "resolved": "https://registry.npmjs.org/@esbuild/openbsd-x64/-/openbsd-x64-0.17.10.tgz",
      "integrity": "sha512-/VE0Kx6y7eekqZ+ZLU4AjMlB80ov9tEz4H067Y0STwnGOYL8CsNg4J+cCmBznk1tMpxMoUOf0AbWlb1d2Pkbig==",
      "dev": true,
      "optional": true
    },
    "@esbuild/sunos-x64": {
      "version": "0.17.10",
      "resolved": "https://registry.npmjs.org/@esbuild/sunos-x64/-/sunos-x64-0.17.10.tgz",
      "integrity": "sha512-ERNO0838OUm8HfUjjsEs71cLjLMu/xt6bhOlxcJ0/1MG3hNqCmbWaS+w/8nFLa0DDjbwZQuGKVtCUJliLmbVgg==",
      "dev": true,
      "optional": true
    },
    "@esbuild/win32-arm64": {
      "version": "0.17.10",
      "resolved": "https://registry.npmjs.org/@esbuild/win32-arm64/-/win32-arm64-0.17.10.tgz",
      "integrity": "sha512-fXv+L+Bw2AeK+XJHwDAQ9m3NRlNemG6Z6ijLwJAAVdu4cyoFbBWbEtyZzDeL+rpG2lWI51cXeMt70HA8g2MqIg==",
      "dev": true,
      "optional": true
    },
    "@esbuild/win32-ia32": {
      "version": "0.17.10",
      "resolved": "https://registry.npmjs.org/@esbuild/win32-ia32/-/win32-ia32-0.17.10.tgz",
      "integrity": "sha512-3s+HADrOdCdGOi5lnh5DMQEzgbsFsd4w57L/eLKKjMnN0CN4AIEP0DCP3F3N14xnxh3ruNc32A0Na9zYe1Z/AQ==",
      "dev": true,
      "optional": true
    },
    "@esbuild/win32-x64": {
      "version": "0.17.10",
      "resolved": "https://registry.npmjs.org/@esbuild/win32-x64/-/win32-x64-0.17.10.tgz",
      "integrity": "sha512-oP+zFUjYNaMNmjTwlFtWep85hvwUu19cZklB3QsBOcZSs6y7hmH4LNCJ7075bsqzYaNvZFXJlAVaQ2ApITDXtw==",
      "dev": true,
      "optional": true
    },
    "@huse/effect-ref": {
      "version": "1.1.1",
      "resolved": "https://registry.npmjs.org/@huse/effect-ref/-/effect-ref-1.1.1.tgz",
      "integrity": "sha512-WVMw6kGIFjzPOnCvByxNQYAl0bEeXy3iI43y7JAHY78uGsxKbH0yL6MOvqCWlKyRUx7iHRuNrPjtGogGIueizw=="
    },
    "@size-limit/esbuild": {
      "version": "8.2.4",
      "resolved": "https://registry.npmjs.org/@size-limit/esbuild/-/esbuild-8.2.4.tgz",
      "integrity": "sha512-kPgNfpwUvBD98s5axlf1UciFg4Ki4AYSl/cOmSyyYBuzksHiwW7Myeu0w4mTxtV9nwBFbkrrNXqszE7b+OhFLA==",
      "dev": true,
      "requires": {
        "esbuild": "^0.17.7",
        "nanoid": "^3.3.4"
      }
    },
    "@size-limit/file": {
      "version": "8.2.4",
      "resolved": "https://registry.npmjs.org/@size-limit/file/-/file-8.2.4.tgz",
      "integrity": "sha512-xLuF97W7m7lxrRJvqXRlxO/4t7cpXtfxOnjml/t4aRVUCMXLdyvebRr9OM4jjoK8Fmiz8jomCbETUCI3jVhLzA==",
      "dev": true,
      "requires": {
        "semver": "7.3.8"
      }
    },
    "@size-limit/preset-small-lib": {
      "version": "8.2.4",
      "resolved": "https://registry.npmjs.org/@size-limit/preset-small-lib/-/preset-small-lib-8.2.4.tgz",
      "integrity": "sha512-AL4384oBgMcDPlNblgWHreqFSSOui0J9NbgyHhegB1h8AgRyHbdVGC3yWLpEESYQXHYnKdbNrYeRE/TclsViog==",
      "dev": true,
      "requires": {
        "@size-limit/esbuild": "8.2.4",
        "@size-limit/file": "8.2.4"
      }
    },
    "@types/debug": {
      "version": "4.1.8",
      "resolved": "https://registry.npmjs.org/@types/debug/-/debug-4.1.8.tgz",
      "integrity": "sha512-/vPO1EPOs306Cvhwv7KfVfYvOJqA/S/AXjaHQiJboCZzcNDb+TIJFN9/2C9DZ//ijSKWioNyUxD792QmDJ+HKQ==",
      "requires": {
        "@types/ms": "*"
      }
    },
    "@types/ms": {
      "version": "0.7.31",
      "resolved": "https://registry.npmjs.org/@types/ms/-/ms-0.7.31.tgz",
      "integrity": "sha512-iiUgKzV9AuaEkZqkOLDIvlQiL6ltuZd9tGcW3gwpnX8JbuiuhFlEGmmFXEXkN50Cvq7Os88IY2v0dkDqXYWVgA=="
    },
    "@types/prop-types": {
      "version": "15.7.5",
      "resolved": "https://registry.npmjs.org/@types/prop-types/-/prop-types-15.7.5.tgz",
      "integrity": "sha512-JCB8C6SnDoQf0cNycqd/35A7MjcnK+ZTqE7judS6o7utxUCg6imJg3QK2qzHKszlTjcj2cn+NwMB2i96ubpj7w==",
      "dev": true
    },
    "@types/react": {
      "version": "18.2.9",
      "resolved": "https://registry.npmjs.org/@types/react/-/react-18.2.9.tgz",
      "integrity": "sha512-pL3JAesUkF7PEQGxh5XOwdXGV907te6m1/Qe1ERJLgomojS6Ne790QiA7GUl434JEkFA2aAaB6qJ5z4e1zJn/w==",
      "dev": true,
      "requires": {
        "@types/prop-types": "*",
        "@types/scheduler": "*",
        "csstype": "^3.0.2"
      }
    },
    "@types/scheduler": {
      "version": "0.16.3",
      "resolved": "https://registry.npmjs.org/@types/scheduler/-/scheduler-0.16.3.tgz",
      "integrity": "sha512-5cJ8CB4yAx7BH1oMvdU0Jh9lrEXyPkar6F9G/ERswkCuvP4KQZfZkSjcMbAICCpQTN4OuZn8tz0HiKv9TGZgrQ==",
      "dev": true
    },
    "csstype": {
      "version": "3.1.2",
      "resolved": "https://registry.npmjs.org/csstype/-/csstype-3.1.2.tgz",
      "integrity": "sha512-I7K1Uu0MBPzaFKg4nI5Q7Vs2t+3gWWW648spaF+Rg7pI9ds18Ugn+lvg4SHczUdKlHI5LWBXyqfS8+DufyBsgQ==",
      "dev": true
    },
    "esbuild": {
      "version": "0.17.10",
      "resolved": "https://registry.npmjs.org/esbuild/-/esbuild-0.17.10.tgz",
      "integrity": "sha512-n7V3v29IuZy5qgxx25TKJrEm0FHghAlS6QweUcyIgh/U0zYmQcvogWROitrTyZId1mHSkuhhuyEXtI9OXioq7A==",
      "dev": true,
      "requires": {
        "@esbuild/android-arm": "0.17.10",
        "@esbuild/android-arm64": "0.17.10",
        "@esbuild/android-x64": "0.17.10",
        "@esbuild/darwin-arm64": "0.17.10",
        "@esbuild/darwin-x64": "0.17.10",
        "@esbuild/freebsd-arm64": "0.17.10",
        "@esbuild/freebsd-x64": "0.17.10",
        "@esbuild/linux-arm": "0.17.10",
        "@esbuild/linux-arm64": "0.17.10",
        "@esbuild/linux-ia32": "0.17.10",
        "@esbuild/linux-loong64": "0.17.10",
        "@esbuild/linux-mips64el": "0.17.10",
        "@esbuild/linux-ppc64": "0.17.10",
        "@esbuild/linux-riscv64": "0.17.10",
        "@esbuild/linux-s390x": "0.17.10",
        "@esbuild/linux-x64": "0.17.10",
        "@esbuild/netbsd-x64": "0.17.10",
        "@esbuild/openbsd-x64": "0.17.10",
        "@esbuild/sunos-x64": "0.17.10",
        "@esbuild/win32-arm64": "0.17.10",
        "@esbuild/win32-ia32": "0.17.10",
        "@esbuild/win32-x64": "0.17.10"
      }
    },
    "fsevents": {
      "version": "2.3.2",
      "resolved": "https://registry.npmjs.org/fsevents/-/fsevents-2.3.2.tgz",
      "integrity": "sha512-xiqMQR4xAeHTuB9uWm+fFRcIOgKBMiOBP+eXiyT7jsgVCq1bkVygt00oASowB7EdtpOHaaPgKt812P9ab+DDKA==",
      "dev": true,
      "optional": true
    },
    "glissando": {
      "version": "0.8.7",
      "resolved": "https://registry.npmjs.org/glissando/-/glissando-0.8.7.tgz",
      "integrity": "sha512-/m05zzHxp2xTM+O1oTc9DpnNmrc1Wfi3VjNoCgArMP4aTxgenaAbSpYbUzcPb5KZtZ6oxaxuL+W8lq6HMwfCRA==",
      "requires": {
        "mithril-stream-standalone": "0.1.6"
      }
    },
    "js-tokens": {
      "version": "4.0.0",
      "resolved": "https://registry.npmjs.org/js-tokens/-/js-tokens-4.0.0.tgz",
      "integrity": "sha512-RdJUflcE3cUzKiMqQgsCu06FPu9UdIJO0beYbPhHN4k6apgJtifcoCtT9bcxOpYBtpD2kCM6Sbzg4CausW/PKQ==",
      "dev": true
    },
    "loose-envify": {
      "version": "1.4.0",
      "resolved": "https://registry.npmjs.org/loose-envify/-/loose-envify-1.4.0.tgz",
      "integrity": "sha512-lyuxPGr/Wfhrlem2CL/UcnUc1zcqKAImBDzukY7Y5F/yQiNdko6+fRLevlw1HgMySw7f611UIY408EtxRSoK3Q==",
      "dev": true,
      "requires": {
        "js-tokens": "^3.0.0 || ^4.0.0"
      }
    },
    "lru-cache": {
      "version": "6.0.0",
      "resolved": "https://registry.npmjs.org/lru-cache/-/lru-cache-6.0.0.tgz",
      "integrity": "sha512-Jo6dJ04CmSjuznwJSS3pUeWmd/H0ffTlkXXgwZi+eq1UCmqQwCh+eLsYOYCwY991i2Fah4h1BEMCx4qThGbsiA==",
      "dev": true,
      "requires": {
        "yallist": "^4.0.0"
      }
    },
    "mithril-stream-standalone": {
      "version": "0.1.6",
      "resolved": "https://registry.npmjs.org/mithril-stream-standalone/-/mithril-stream-standalone-0.1.6.tgz",
      "integrity": "sha512-sDjbaJrq/CHDofocE392PUBToEBn23cUsF3igdUk3tpNwM9Dpi7mUNZzaJrwexHr6hnM25Sbg460efGu2z5+YA=="
    },
    "nanoid": {
      "version": "3.3.4",
      "resolved": "https://registry.npmjs.org/nanoid/-/nanoid-3.3.4.tgz",
      "integrity": "sha512-MqBkQh/OHTS2egovRtLk45wEyNXwF+cokD+1YPf9u5VfJiRdAiRwB2froX5Co9Rh20xs4siNPm8naNotSD6RBw==",
      "dev": true
    },
    "picocolors": {
      "version": "1.0.0",
      "resolved": "https://registry.npmjs.org/picocolors/-/picocolors-1.0.0.tgz",
      "integrity": "sha512-1fygroTLlHu66zi26VoTDv8yRgm0Fccecssto+MhsZ0D/DGW2sm8E8AjW7NU5VVTRt5GxbeZ5qBuJr+HyLYkjQ==",
      "dev": true
    },
    "postcss": {
      "version": "8.4.23",
      "resolved": "https://registry.npmjs.org/postcss/-/postcss-8.4.23.tgz",
      "integrity": "sha512-bQ3qMcpF6A/YjR55xtoTr0jGOlnPOKAIMdOWiv0EIT6HVPEaJiJB4NLljSbiHoC2RX7DN5Uvjtpbg1NPdwv1oA==",
      "dev": true,
      "requires": {
        "nanoid": "^3.3.6",
        "picocolors": "^1.0.0",
        "source-map-js": "^1.0.2"
      },
      "dependencies": {
        "nanoid": {
          "version": "3.3.6",
          "resolved": "https://registry.npmjs.org/nanoid/-/nanoid-3.3.6.tgz",
          "integrity": "sha512-BGcqMMJuToF7i1rt+2PWSNVnWIkGCU78jBG3RxO/bZlnZPK2Cmi2QaffxGO/2RvWi9sL+FAiRiXMgsyxQ1DIDA==",
          "dev": true
        }
      }
    },
    "react": {
      "version": "18.2.0",
      "resolved": "https://registry.npmjs.org/react/-/react-18.2.0.tgz",
      "integrity": "sha512-/3IjMdb2L9QbBdWiW5e3P2/npwMBaU9mHCSCUzNln0ZCYbcfTsGbTJrU/kGemdH2IWmB2ioZ+zkxtmq6g09fGQ==",
      "dev": true,
      "requires": {
        "loose-envify": "^1.1.0"
      }
    },
    "rollup": {
      "version": "3.23.0",
      "resolved": "https://registry.npmjs.org/rollup/-/rollup-3.23.0.tgz",
      "integrity": "sha512-h31UlwEi7FHihLe1zbk+3Q7z1k/84rb9BSwmBSr/XjOCEaBJ2YyedQDuM0t/kfOS0IxM+vk1/zI9XxYj9V+NJQ==",
      "dev": true,
      "requires": {
        "fsevents": "~2.3.2"
      }
    },
    "semver": {
      "version": "7.3.8",
      "resolved": "https://registry.npmjs.org/semver/-/semver-7.3.8.tgz",
      "integrity": "sha512-NB1ctGL5rlHrPJtFDVIVzTyQylMLu9N9VICA6HSFJo8MCGVTMW6gfpicwKmmK/dAjTOrqu5l63JJOpDSrAis3A==",
      "dev": true,
      "requires": {
        "lru-cache": "^6.0.0"
      }
    },
    "source-map-js": {
      "version": "1.0.2",
      "resolved": "https://registry.npmjs.org/source-map-js/-/source-map-js-1.0.2.tgz",
      "integrity": "sha512-R0XvVJ9WusLiqTCEiGCmICCMplcCkIwwR11mOSD9CR5u+IXYdiseeEuXCVAjS54zqwkLcPNnmU4OeJ6tUrWhDw==",
      "dev": true
    },
    "use-stream": {
      "version": "0.4.3",
      "resolved": "https://registry.npmjs.org/use-stream/-/use-stream-0.4.3.tgz",
      "integrity": "sha512-ZGw7y3HrpN7AhtTefAghsB4YbMvbMgHgrVLKe66A+yjy9WM+uc2WfVfSfuN3PTrlmRc5MJKVLP/y9520aOypLg==",
      "requires": {
        "@types/debug": "^4.1.7"
      }
    },
    "vite": {
      "version": "4.3.9",
      "resolved": "https://registry.npmjs.org/vite/-/vite-4.3.9.tgz",
      "integrity": "sha512-qsTNZjO9NoJNW7KnOrgYwczm0WctJ8m/yqYAMAK9Lxt4SoySUfS5S8ia9K7JHpa3KEeMfyF8LoJ3c5NeBJy6pg==",
      "dev": true,
      "requires": {
        "esbuild": "^0.17.5",
        "fsevents": "~2.3.2",
        "postcss": "^8.4.23",
        "rollup": "^3.21.0"
      }
    },
    "yallist": {
      "version": "4.0.0",
      "resolved": "https://registry.npmjs.org/yallist/-/yallist-4.0.0.tgz",
      "integrity": "sha512-3wdGidZyq5PB084XLES5TpOSRA3wjXAlIWMhum2kRcv/41Sn2emQ0dycQW4uZXLejwKvg6EsvbdlVL+FYEct7A==",
      "dev": true
    }
  }
}
