{
	"name": "glissando-helpers",
	"version": "0.8.7",
	"lockfileVersion": 1,
	"requires": true,
	"dependencies": {
		"glissando": {
			"version": "0.8.5",
			"resolved": "https://registry.npmjs.org/glissando/-/glissando-0.8.5.tgz",
			"integrity": "sha512-NlQXy/SNl75RLWB286xbeVpFybVZW688JBbHwurY7RToYMdMU9u+8XGQnV4Fsz7/x+LKjgV4bP+YZQMVPfxMyQ==",
			"requires": {
				"mithril": "^2.0.4"
			}
		},
		"mithril": {
			"version": "2.0.4",
			"resolved": "https://registry.npmjs.org/mithril/-/mithril-2.0.4.tgz",
			"integrity": "sha512-mgw+DMZlhMS4PpprF6dl7ZoeZq5GGcAuWnrg5e12MvaGauc4jzWsDZtVGRCktsiQczOEUr2K5teKbE5k44RlOg=="
		}
	}
}
