{
  "name": "glissando",
  "version": "0.8.7",
  "lockfileVersion": 1,
  "requires": true,
  "dependencies": {
    "@esbuild/android-arm": {
      "version": "0.18.20",
      "resolved": "https://registry.npmjs.org/@esbuild/android-arm/-/android-arm-0.18.20.tgz",
      "integrity": "sha512-fyi7TDI/ijKKNZTUJAQqiG5T7YjJXgnzkURqmGj13C6dCqckZBLdl4h7bkhHt/t0WP+zO9/zwroDvANaOqO5Sw==",
      "dev": true,
      "optional": true
    },
    "@esbuild/android-arm64": {
      "version": "0.18.20",
      "resolved": "https://registry.npmjs.org/@esbuild/android-arm64/-/android-arm64-0.18.20.tgz",
      "integrity": "sha512-Nz4rJcchGDtENV0eMKUNa6L12zz2zBDXuhj/Vjh18zGqB44Bi7MBMSXjgunJgjRhCmKOjnPuZp4Mb6OKqtMHLQ==",
      "dev": true,
      "optional": true
    },
    "@esbuild/android-x64": {
      "version": "0.18.20",
      "resolved": "https://registry.npmjs.org/@esbuild/android-x64/-/android-x64-0.18.20.tgz",
      "integrity": "sha512-8GDdlePJA8D6zlZYJV/jnrRAi6rOiNaCC/JclcXpB+KIuvfBN4owLtgzY2bsxnx666XjJx2kDPUmnTtR8qKQUg==",
      "dev": true,
      "optional": true
    },
    "@esbuild/darwin-arm64": {
      "version": "0.18.20",
      "resolved": "https://registry.npmjs.org/@esbuild/darwin-arm64/-/darwin-arm64-0.18.20.tgz",
      "integrity": "sha512-bxRHW5kHU38zS2lPTPOyuyTm+S+eobPUnTNkdJEfAddYgEcll4xkT8DB9d2008DtTbl7uJag2HuE5NZAZgnNEA==",
      "dev": true,
      "optional": true
    },
    "@esbuild/darwin-x64": {
      "version": "0.18.20",
      "resolved": "https://registry.npmjs.org/@esbuild/darwin-x64/-/darwin-x64-0.18.20.tgz",
      "integrity": "sha512-pc5gxlMDxzm513qPGbCbDukOdsGtKhfxD1zJKXjCCcU7ju50O7MeAZ8c4krSJcOIJGFR+qx21yMMVYwiQvyTyQ==",
      "dev": true,
      "optional": true
    },
    "@esbuild/freebsd-arm64": {
      "version": "0.18.20",
      "resolved": "https://registry.npmjs.org/@esbuild/freebsd-arm64/-/freebsd-arm64-0.18.20.tgz",
      "integrity": "sha512-yqDQHy4QHevpMAaxhhIwYPMv1NECwOvIpGCZkECn8w2WFHXjEwrBn3CeNIYsibZ/iZEUemj++M26W3cNR5h+Tw==",
      "dev": true,
      "optional": true
    },
    "@esbuild/freebsd-x64": {
      "version": "0.18.20",
      "resolved": "https://registry.npmjs.org/@esbuild/freebsd-x64/-/freebsd-x64-0.18.20.tgz",
      "integrity": "sha512-tgWRPPuQsd3RmBZwarGVHZQvtzfEBOreNuxEMKFcd5DaDn2PbBxfwLcj4+aenoh7ctXcbXmOQIn8HI6mCSw5MQ==",
      "dev": true,
      "optional": true
    },
    "@esbuild/linux-arm": {
      "version": "0.18.20",
      "resolved": "https://registry.npmjs.org/@esbuild/linux-arm/-/linux-arm-0.18.20.tgz",
      "integrity": "sha512-/5bHkMWnq1EgKr1V+Ybz3s1hWXok7mDFUMQ4cG10AfW3wL02PSZi5kFpYKrptDsgb2WAJIvRcDm+qIvXf/apvg==",
      "dev": true,
      "optional": true
    },
    "@esbuild/linux-arm64": {
      "version": "0.18.20",
      "resolved": "https://registry.npmjs.org/@esbuild/linux-arm64/-/linux-arm64-0.18.20.tgz",
      "integrity": "sha512-2YbscF+UL7SQAVIpnWvYwM+3LskyDmPhe31pE7/aoTMFKKzIc9lLbyGUpmmb8a8AixOL61sQ/mFh3jEjHYFvdA==",
      "dev": true,
      "optional": true
    },
    "@esbuild/linux-ia32": {
      "version": "0.18.20",
      "resolved": "https://registry.npmjs.org/@esbuild/linux-ia32/-/linux-ia32-0.18.20.tgz",
      "integrity": "sha512-P4etWwq6IsReT0E1KHU40bOnzMHoH73aXp96Fs8TIT6z9Hu8G6+0SHSw9i2isWrD2nbx2qo5yUqACgdfVGx7TA==",
      "dev": true,
      "optional": true
    },
    "@esbuild/linux-loong64": {
      "version": "0.18.20",
      "resolved": "https://registry.npmjs.org/@esbuild/linux-loong64/-/linux-loong64-0.18.20.tgz",
      "integrity": "sha512-nXW8nqBTrOpDLPgPY9uV+/1DjxoQ7DoB2N8eocyq8I9XuqJ7BiAMDMf9n1xZM9TgW0J8zrquIb/A7s3BJv7rjg==",
      "dev": true,
      "optional": true
    },
    "@esbuild/linux-mips64el": {
      "version": "0.18.20",
      "resolved": "https://registry.npmjs.org/@esbuild/linux-mips64el/-/linux-mips64el-0.18.20.tgz",
      "integrity": "sha512-d5NeaXZcHp8PzYy5VnXV3VSd2D328Zb+9dEq5HE6bw6+N86JVPExrA6O68OPwobntbNJ0pzCpUFZTo3w0GyetQ==",
      "dev": true,
      "optional": true
    },
    "@esbuild/linux-ppc64": {
      "version": "0.18.20",
      "resolved": "https://registry.npmjs.org/@esbuild/linux-ppc64/-/linux-ppc64-0.18.20.tgz",
      "integrity": "sha512-WHPyeScRNcmANnLQkq6AfyXRFr5D6N2sKgkFo2FqguP44Nw2eyDlbTdZwd9GYk98DZG9QItIiTlFLHJHjxP3FA==",
      "dev": true,
      "optional": true
    },
    "@esbuild/linux-riscv64": {
      "version": "0.18.20",
      "resolved": "https://registry.npmjs.org/@esbuild/linux-riscv64/-/linux-riscv64-0.18.20.tgz",
      "integrity": "sha512-WSxo6h5ecI5XH34KC7w5veNnKkju3zBRLEQNY7mv5mtBmrP/MjNBCAlsM2u5hDBlS3NGcTQpoBvRzqBcRtpq1A==",
      "dev": true,
      "optional": true
    },
    "@esbuild/linux-s390x": {
      "version": "0.18.20",
      "resolved": "https://registry.npmjs.org/@esbuild/linux-s390x/-/linux-s390x-0.18.20.tgz",
      "integrity": "sha512-+8231GMs3mAEth6Ja1iK0a1sQ3ohfcpzpRLH8uuc5/KVDFneH6jtAJLFGafpzpMRO6DzJ6AvXKze9LfFMrIHVQ==",
      "dev": true,
      "optional": true
    },
    "@esbuild/linux-x64": {
      "version": "0.18.20",
      "resolved": "https://registry.npmjs.org/@esbuild/linux-x64/-/linux-x64-0.18.20.tgz",
      "integrity": "sha512-UYqiqemphJcNsFEskc73jQ7B9jgwjWrSayxawS6UVFZGWrAAtkzjxSqnoclCXxWtfwLdzU+vTpcNYhpn43uP1w==",
      "dev": true,
      "optional": true
    },
    "@esbuild/netbsd-x64": {
      "version": "0.18.20",
      "resolved": "https://registry.npmjs.org/@esbuild/netbsd-x64/-/netbsd-x64-0.18.20.tgz",
      "integrity": "sha512-iO1c++VP6xUBUmltHZoMtCUdPlnPGdBom6IrO4gyKPFFVBKioIImVooR5I83nTew5UOYrk3gIJhbZh8X44y06A==",
      "dev": true,
      "optional": true
    },
    "@esbuild/openbsd-x64": {
      "version": "0.18.20",
      "resolved": "https://registry.npmjs.org/@esbuild/openbsd-x64/-/openbsd-x64-0.18.20.tgz",
      "integrity": "sha512-e5e4YSsuQfX4cxcygw/UCPIEP6wbIL+se3sxPdCiMbFLBWu0eiZOJ7WoD+ptCLrmjZBK1Wk7I6D/I3NglUGOxg==",
      "dev": true,
      "optional": true
    },
    "@esbuild/sunos-x64": {
      "version": "0.18.20",
      "resolved": "https://registry.npmjs.org/@esbuild/sunos-x64/-/sunos-x64-0.18.20.tgz",
      "integrity": "sha512-kDbFRFp0YpTQVVrqUd5FTYmWo45zGaXe0X8E1G/LKFC0v8x0vWrhOWSLITcCn63lmZIxfOMXtCfti/RxN/0wnQ==",
      "dev": true,
      "optional": true
    },
    "@esbuild/win32-arm64": {
      "version": "0.18.20",
      "resolved": "https://registry.npmjs.org/@esbuild/win32-arm64/-/win32-arm64-0.18.20.tgz",
      "integrity": "sha512-ddYFR6ItYgoaq4v4JmQQaAI5s7npztfV4Ag6NrhiaW0RrnOXqBkgwZLofVTlq1daVTQNhtI5oieTvkRPfZrePg==",
      "dev": true,
      "optional": true
    },
    "@esbuild/win32-ia32": {
      "version": "0.18.20",
      "resolved": "https://registry.npmjs.org/@esbuild/win32-ia32/-/win32-ia32-0.18.20.tgz",
      "integrity": "sha512-Wv7QBi3ID/rROT08SABTS7eV4hX26sVduqDOTe1MvGMjNd3EjOz4b7zeexIR62GTIEKrfJXKL9LFxTYgkyeu7g==",
      "dev": true,
      "optional": true
    },
    "@esbuild/win32-x64": {
      "version": "0.18.20",
      "resolved": "https://registry.npmjs.org/@esbuild/win32-x64/-/win32-x64-0.18.20.tgz",
      "integrity": "sha512-kTdfRcSiDfQca/y9QIkng02avJ+NCaQvrMejlsB3RRv5sE9rRoeBPISaZpKxHELzRxZyLvNts1P27W3wV+8geQ==",
      "dev": true,
      "optional": true
    },
    "@trysound/sax": {
      "version": "0.2.0",
      "resolved": "https://registry.npmjs.org/@trysound/sax/-/sax-0.2.0.tgz",
      "integrity": "sha512-L7z9BgrNEcYyUYtF+HaEfiS5ebkh9jXqbszz7pC0hRBPaatV0XjSD3+eHrpqFemQfgwiFF0QPIarnIihIDn7OA==",
      "dev": true
    },
    "boolbase": {
      "version": "1.0.0",
      "resolved": "https://registry.npmjs.org/boolbase/-/boolbase-1.0.0.tgz",
      "integrity": "sha512-JZOSA7Mo9sNGB8+UjSgzdLtokWAky1zbztM3WRLCbZ70/3cTANmQmOdR7y2g+J0e2WXywy1yS468tY+IruqEww==",
      "dev": true
    },
    "browserslist": {
      "version": "4.24.4",
      "resolved": "https://registry.npmjs.org/browserslist/-/browserslist-4.24.4.tgz",
      "integrity": "sha512-KDi1Ny1gSePi1vm0q4oxSF8b4DR44GF4BbmS2YdhPLOEqd8pDviZOGH/GsmRwoWJ2+5Lr085X7naowMwKHDG1A==",
      "dev": true,
      "requires": {
        "caniuse-lite": "^1.0.30001688",
        "electron-to-chromium": "^1.5.73",
        "node-releases": "^2.0.19",
        "update-browserslist-db": "^1.1.1"
      }
    },
    "caniuse-api": {
      "version": "3.0.0",
      "resolved": "https://registry.npmjs.org/caniuse-api/-/caniuse-api-3.0.0.tgz",
      "integrity": "sha512-bsTwuIg/BZZK/vreVTYYbSWoe2F+71P7K5QGEX+pT250DZbfU1MQ5prOKpPR+LL6uWKK3KMwMCAS74QB3Um1uw==",
      "dev": true,
      "requires": {
        "browserslist": "^4.0.0",
        "caniuse-lite": "^1.0.0",
        "lodash.memoize": "^4.1.2",
        "lodash.uniq": "^4.5.0"
      }
    },
    "caniuse-lite": {
      "version": "1.0.30001692",
      "resolved": "https://registry.npmjs.org/caniuse-lite/-/caniuse-lite-1.0.30001692.tgz",
      "integrity": "sha512-A95VKan0kdtrsnMubMKxEKUKImOPSuCpYgxSQBo036P5YYgVIcOYJEgt/txJWqObiRQeISNCfef9nvlQ0vbV7A==",
      "dev": true
    },
    "colord": {
      "version": "2.9.3",
      "resolved": "https://registry.npmjs.org/colord/-/colord-2.9.3.tgz",
      "integrity": "sha512-jeC1axXpnb0/2nn/Y1LPuLdgXBLH7aDcHu4KEKfqw3CUhX7ZpfBSlPKyqXE6btIgEzfWtrX3/tyBCaCvXvMkOw==",
      "dev": true
    },
    "commander": {
      "version": "7.2.0",
      "resolved": "https://registry.npmjs.org/commander/-/commander-7.2.0.tgz",
      "integrity": "sha512-QrWXB+ZQSVPmIWIhtEO9H+gwHaMGYiF5ChvoJ+K9ZGHG/sVsa6yiesAD1GC/x46sET00Xlwo1u49RVVVzvcSkw==",
      "dev": true
    },
    "css-declaration-sorter": {
      "version": "7.2.0",
      "resolved": "https://registry.npmjs.org/css-declaration-sorter/-/css-declaration-sorter-7.2.0.tgz",
      "integrity": "sha512-h70rUM+3PNFuaBDTLe8wF/cdWu+dOZmb7pJt8Z2sedYbAcQVQV/tEchueg3GWxwqS0cxtbxmaHEdkNACqcvsow==",
      "dev": true
    },
    "css-select": {
      "version": "5.1.0",
      "resolved": "https://registry.npmjs.org/css-select/-/css-select-5.1.0.tgz",
      "integrity": "sha512-nwoRF1rvRRnnCqqY7updORDsuqKzqYJ28+oSMaJMMgOauh3fvwHqMS7EZpIPqK8GL+g9mKxF1vP/ZjSeNjEVHg==",
      "dev": true,
      "requires": {
        "boolbase": "^1.0.0",
        "css-what": "^6.1.0",
        "domhandler": "^5.0.2",
        "domutils": "^3.0.1",
        "nth-check": "^2.0.1"
      }
    },
    "css-tree": {
      "version": "2.3.1",
      "resolved": "https://registry.npmjs.org/css-tree/-/css-tree-2.3.1.tgz",
      "integrity": "sha512-6Fv1DV/TYw//QF5IzQdqsNDjx/wc8TrMBZsqjL9eW01tWb7R7k/mq+/VXfJCl7SoD5emsJop9cOByJZfs8hYIw==",
      "dev": true,
      "requires": {
        "mdn-data": "2.0.30",
        "source-map-js": "^1.0.1"
      }
    },
    "css-what": {
      "version": "6.1.0",
      "resolved": "https://registry.npmjs.org/css-what/-/css-what-6.1.0.tgz",
      "integrity": "sha512-HTUrgRJ7r4dsZKU6GjmpfRK1O76h97Z8MfS1G0FozR+oF2kG6Vfe8JE6zwrkbxigziPHinCJ+gCPjA9EaBDtRw==",
      "dev": true
    },
    "cssesc": {
      "version": "3.0.0",
      "resolved": "https://registry.npmjs.org/cssesc/-/cssesc-3.0.0.tgz",
      "integrity": "sha512-/Tb/JcjK111nNScGob5MNtsntNM1aCNUDipB/TkwZFhyDrrE47SOx/18wF2bbjgc3ZzCSKW1T5nt5EbFoAz/Vg==",
      "dev": true
    },
    "cssnano": {
      "version": "7.0.6",
      "resolved": "https://registry.npmjs.org/cssnano/-/cssnano-7.0.6.tgz",
      "integrity": "sha512-54woqx8SCbp8HwvNZYn68ZFAepuouZW4lTwiMVnBErM3VkO7/Sd4oTOt3Zz3bPx3kxQ36aISppyXj2Md4lg8bw==",
      "dev": true,
      "requires": {
        "cssnano-preset-default": "^7.0.6",
        "lilconfig": "^3.1.2"
      }
    },
    "cssnano-preset-default": {
      "version": "7.0.6",
      "resolved": "https://registry.npmjs.org/cssnano-preset-default/-/cssnano-preset-default-7.0.6.tgz",
      "integrity": "sha512-ZzrgYupYxEvdGGuqL+JKOY70s7+saoNlHSCK/OGn1vB2pQK8KSET8jvenzItcY+kA7NoWvfbb/YhlzuzNKjOhQ==",
      "dev": true,
      "requires": {
        "browserslist": "^4.23.3",
        "css-declaration-sorter": "^7.2.0",
        "cssnano-utils": "^5.0.0",
        "postcss-calc": "^10.0.2",
        "postcss-colormin": "^7.0.2",
        "postcss-convert-values": "^7.0.4",
        "postcss-discard-comments": "^7.0.3",
        "postcss-discard-duplicates": "^7.0.1",
        "postcss-discard-empty": "^7.0.0",
        "postcss-discard-overridden": "^7.0.0",
        "postcss-merge-longhand": "^7.0.4",
        "postcss-merge-rules": "^7.0.4",
        "postcss-minify-font-values": "^7.0.0",
        "postcss-minify-gradients": "^7.0.0",
        "postcss-minify-params": "^7.0.2",
        "postcss-minify-selectors": "^7.0.4",
        "postcss-normalize-charset": "^7.0.0",
        "postcss-normalize-display-values": "^7.0.0",
        "postcss-normalize-positions": "^7.0.0",
        "postcss-normalize-repeat-style": "^7.0.0",
        "postcss-normalize-string": "^7.0.0",
        "postcss-normalize-timing-functions": "^7.0.0",
        "postcss-normalize-unicode": "^7.0.2",
        "postcss-normalize-url": "^7.0.0",
        "postcss-normalize-whitespace": "^7.0.0",
        "postcss-ordered-values": "^7.0.1",
        "postcss-reduce-initial": "^7.0.2",
        "postcss-reduce-transforms": "^7.0.0",
        "postcss-svgo": "^7.0.1",
        "postcss-unique-selectors": "^7.0.3"
      }
    },
    "cssnano-utils": {
      "version": "5.0.0",
      "resolved": "https://registry.npmjs.org/cssnano-utils/-/cssnano-utils-5.0.0.tgz",
      "integrity": "sha512-Uij0Xdxc24L6SirFr25MlwC2rCFX6scyUmuKpzI+JQ7cyqDEwD42fJ0xfB3yLfOnRDU5LKGgjQ9FA6LYh76GWQ==",
      "dev": true
    },
    "csso": {
      "version": "5.0.5",
      "resolved": "https://registry.npmjs.org/csso/-/csso-5.0.5.tgz",
      "integrity": "sha512-0LrrStPOdJj+SPCCrGhzryycLjwcgUSHBtxNA8aIDxf0GLsRh1cKYhB00Gd1lDOS4yGH69+SNn13+TWbVHETFQ==",
      "dev": true,
      "requires": {
        "css-tree": "~2.2.0"
      },
      "dependencies": {
        "css-tree": {
          "version": "2.2.1",
          "resolved": "https://registry.npmjs.org/css-tree/-/css-tree-2.2.1.tgz",
          "integrity": "sha512-OA0mILzGc1kCOCSJerOeqDxDQ4HOh+G8NbOJFOTgOCzpw7fCBubk0fEyxp8AgOL/jvLgYA/uV0cMbe43ElF1JA==",
          "dev": true,
          "requires": {
            "mdn-data": "2.0.28",
            "source-map-js": "^1.0.1"
          }
        },
        "mdn-data": {
          "version": "2.0.28",
          "resolved": "https://registry.npmjs.org/mdn-data/-/mdn-data-2.0.28.tgz",
          "integrity": "sha512-aylIc7Z9y4yzHYAJNuESG3hfhC+0Ibp/MAMiaOZgNv4pmEdFyfZhhhny4MNiAfWdBQ1RQ2mfDWmM1x8SvGyp8g==",
          "dev": true
        }
      }
    },
    "dom-serializer": {
      "version": "2.0.0",
      "resolved": "https://registry.npmjs.org/dom-serializer/-/dom-serializer-2.0.0.tgz",
      "integrity": "sha512-wIkAryiqt/nV5EQKqQpo3SToSOV9J0DnbJqwK7Wv/Trc92zIAYZ4FlMu+JPFW1DfGFt81ZTCGgDEabffXeLyJg==",
      "dev": true,
      "requires": {
        "domelementtype": "^2.3.0",
        "domhandler": "^5.0.2",
        "entities": "^4.2.0"
      }
    },
    "domelementtype": {
      "version": "2.3.0",
      "resolved": "https://registry.npmjs.org/domelementtype/-/domelementtype-2.3.0.tgz",
      "integrity": "sha512-OLETBj6w0OsagBwdXnPdN0cnMfF9opN69co+7ZrbfPGrdpPVNBUj02spi6B1N7wChLQiPn4CSH/zJvXw56gmHw==",
      "dev": true
    },
    "domhandler": {
      "version": "5.0.3",
      "resolved": "https://registry.npmjs.org/domhandler/-/domhandler-5.0.3.tgz",
      "integrity": "sha512-cgwlv/1iFQiFnU96XXgROh8xTeetsnJiDsTc7TYCLFd9+/WNkIqPTxiM/8pSd8VIrhXGTf1Ny1q1hquVqDJB5w==",
      "dev": true,
      "requires": {
        "domelementtype": "^2.3.0"
      }
    },
    "domutils": {
      "version": "3.2.2",
      "resolved": "https://registry.npmjs.org/domutils/-/domutils-3.2.2.tgz",
      "integrity": "sha512-6kZKyUajlDuqlHKVX1w7gyslj9MPIXzIFiz/rGu35uC1wMi+kMhQwGhl4lt9unC9Vb9INnY9Z3/ZA3+FhASLaw==",
      "dev": true,
      "requires": {
        "dom-serializer": "^2.0.0",
        "domelementtype": "^2.3.0",
        "domhandler": "^5.0.3"
      }
    },
    "electron-to-chromium": {
      "version": "1.5.82",
      "resolved": "https://registry.npmjs.org/electron-to-chromium/-/electron-to-chromium-1.5.82.tgz",
      "integrity": "sha512-Zq16uk1hfQhyGx5GpwPAYDwddJuSGhtRhgOA2mCxANYaDT79nAeGnaXogMGng4KqLaJUVnOnuL0+TDop9nLOiA==",
      "dev": true
    },
    "entities": {
      "version": "4.5.0",
      "resolved": "https://registry.npmjs.org/entities/-/entities-4.5.0.tgz",
      "integrity": "sha512-V0hjH4dGPh9Ao5p0MoRY6BVqtwCjhz6vI5LT8AJ55H+4g9/4vbHx1I54fS0XuclLhDHArPQCiMjDxjaL8fPxhw==",
      "dev": true
    },
    "esbuild": {
      "version": "0.18.20",
      "resolved": "https://registry.npmjs.org/esbuild/-/esbuild-0.18.20.tgz",
      "integrity": "sha512-ceqxoedUrcayh7Y7ZX6NdbbDzGROiyVBgC4PriJThBKSVPWnnFHZAkfI1lJT8QFkOwH4qOS2SJkS4wvpGl8BpA==",
      "dev": true,
      "requires": {
        "@esbuild/android-arm": "0.18.20",
        "@esbuild/android-arm64": "0.18.20",
        "@esbuild/android-x64": "0.18.20",
        "@esbuild/darwin-arm64": "0.18.20",
        "@esbuild/darwin-x64": "0.18.20",
        "@esbuild/freebsd-arm64": "0.18.20",
        "@esbuild/freebsd-x64": "0.18.20",
        "@esbuild/linux-arm": "0.18.20",
        "@esbuild/linux-arm64": "0.18.20",
        "@esbuild/linux-ia32": "0.18.20",
        "@esbuild/linux-loong64": "0.18.20",
        "@esbuild/linux-mips64el": "0.18.20",
        "@esbuild/linux-ppc64": "0.18.20",
        "@esbuild/linux-riscv64": "0.18.20",
        "@esbuild/linux-s390x": "0.18.20",
        "@esbuild/linux-x64": "0.18.20",
        "@esbuild/netbsd-x64": "0.18.20",
        "@esbuild/openbsd-x64": "0.18.20",
        "@esbuild/sunos-x64": "0.18.20",
        "@esbuild/win32-arm64": "0.18.20",
        "@esbuild/win32-ia32": "0.18.20",
        "@esbuild/win32-x64": "0.18.20"
      }
    },
    "escalade": {
      "version": "3.2.0",
      "resolved": "https://registry.npmjs.org/escalade/-/escalade-3.2.0.tgz",
      "integrity": "sha512-WUj2qlxaQtO4g6Pq5c29GTcWGDyd8itL8zTlipgECz3JesAiiOKotd8JU6otB3PACgG6xkJUyVhboMS+bje/jA==",
      "dev": true
    },
    "fsevents": {
      "version": "2.3.3",
      "resolved": "https://registry.npmjs.org/fsevents/-/fsevents-2.3.3.tgz",
      "integrity": "sha512-5xoDfX+fL7faATnagmWPpbFtwh/R77WmMMqqHGS65C3vvB0YHrgF+B1YmZ3441tMj5n63k0212XNoJwzlhffQw==",
      "dev": true,
      "optional": true
    },
    "lilconfig": {
      "version": "3.1.3",
      "resolved": "https://registry.npmjs.org/lilconfig/-/lilconfig-3.1.3.tgz",
      "integrity": "sha512-/vlFKAoH5Cgt3Ie+JLhRbwOsCQePABiU3tJ1egGvyQ+33R/vcwM2Zl2QR/LzjsBeItPt3oSVXapn+m4nQDvpzw==",
      "dev": true
    },
    "lodash.memoize": {
      "version": "4.1.2",
      "resolved": "https://registry.npmjs.org/lodash.memoize/-/lodash.memoize-4.1.2.tgz",
      "integrity": "sha512-t7j+NzmgnQzTAYXcsHYLgimltOV1MXHtlOWf6GjL9Kj8GK5FInw5JotxvbOs+IvV1/Dzo04/fCGfLVs7aXb4Ag==",
      "dev": true
    },
    "lodash.uniq": {
      "version": "4.5.0",
      "resolved": "https://registry.npmjs.org/lodash.uniq/-/lodash.uniq-4.5.0.tgz",
      "integrity": "sha512-xfBaXQd9ryd9dlSDvnvI0lvxfLJlYAZzXomUYzLKtUeOQvOP5piqAWuGtrhWeqaXK9hhoM/iyJc5AV+XfsX3HQ==",
      "dev": true
    },
    "mdn-data": {
      "version": "2.0.30",
      "resolved": "https://registry.npmjs.org/mdn-data/-/mdn-data-2.0.30.tgz",
      "integrity": "sha512-GaqWWShW4kv/G9IEucWScBx9G1/vsFZZJUO+tD26M8J8z3Kw5RDQjaoZe03YAClgeS/SWPOcb4nkFBTEi5DUEA==",
      "dev": true
    },
    "mithril-stream-standalone": {
      "version": "0.1.6",
      "resolved": "https://registry.npmjs.org/mithril-stream-standalone/-/mithril-stream-standalone-0.1.6.tgz",
      "integrity": "sha512-sDjbaJrq/CHDofocE392PUBToEBn23cUsF3igdUk3tpNwM9Dpi7mUNZzaJrwexHr6hnM25Sbg460efGu2z5+YA=="
    },
    "nanoid": {
      "version": "3.3.8",
      "resolved": "https://registry.npmjs.org/nanoid/-/nanoid-3.3.8.tgz",
      "integrity": "sha512-WNLf5Sd8oZxOm+TzppcYk8gVOgP+l58xNy58D0nbUnOxOWRWvlcCV4kUF7ltmI6PsrLl/BgKEyS4mqsGChFN0w==",
      "dev": true
    },
    "node-releases": {
      "version": "2.0.19",
      "resolved": "https://registry.npmjs.org/node-releases/-/node-releases-2.0.19.tgz",
      "integrity": "sha512-xxOWJsBKtzAq7DY0J+DTzuz58K8e7sJbdgwkbMWQe8UYB6ekmsQ45q0M/tJDsGaZmbC+l7n57UV8Hl5tHxO9uw==",
      "dev": true
    },
    "nth-check": {
      "version": "2.1.1",
      "resolved": "https://registry.npmjs.org/nth-check/-/nth-check-2.1.1.tgz",
      "integrity": "sha512-lqjrjmaOoAnWfMmBPL+XNnynZh2+swxiX3WUE0s4yEHI6m+AwrK2UZOimIRl3X/4QctVqS8AiZjFqyOGrMXb/w==",
      "dev": true,
      "requires": {
        "boolbase": "^1.0.0"
      }
    },
    "picocolors": {
      "version": "1.1.1",
      "resolved": "https://registry.npmjs.org/picocolors/-/picocolors-1.1.1.tgz",
      "integrity": "sha512-xceH2snhtb5M9liqDsmEw56le376mTZkEX/jEb/RxNFyegNul7eNslCXP9FDj/Lcu0X8KEyMceP2ntpaHrDEVA==",
      "dev": true
    },
    "postcss": {
      "version": "8.5.1",
      "resolved": "https://registry.npmjs.org/postcss/-/postcss-8.5.1.tgz",
      "integrity": "sha512-6oz2beyjc5VMn/KV1pPw8fliQkhBXrVn1Z3TVyqZxU8kZpzEKhBdmCFqI6ZbmGtamQvQGuU1sgPTk8ZrXDD7jQ==",
      "dev": true,
      "requires": {
        "nanoid": "^3.3.8",
        "picocolors": "^1.1.1",
        "source-map-js": "^1.2.1"
      },
      "dependencies": {
        "picocolors": {
          "version": "1.1.1",
          "resolved": "https://registry.npmjs.org/picocolors/-/picocolors-1.1.1.tgz",
          "integrity": "sha512-xceH2snhtb5M9liqDsmEw56le376mTZkEX/jEb/RxNFyegNul7eNslCXP9FDj/Lcu0X8KEyMceP2ntpaHrDEVA==",
          "dev": true
        },
        "source-map-js": {
          "version": "1.2.1",
          "resolved": "https://registry.npmjs.org/source-map-js/-/source-map-js-1.2.1.tgz",
          "integrity": "sha512-UXWMKhLOwVKb728IUtQPXxfYU+usdybtUrK/8uGE8CQMvrhOpwvzDBwj0QhSL7MQc7vIsISBG8VQ8+IDQxpfQA==",
          "dev": true
        }
      }
    },
    "postcss-calc": {
      "version": "10.1.0",
      "resolved": "https://registry.npmjs.org/postcss-calc/-/postcss-calc-10.1.0.tgz",
      "integrity": "sha512-uQ/LDGsf3mgsSUEXmAt3VsCSHR3aKqtEIkmB+4PhzYwRYOW5MZs/GhCCFpsOtJJkP6EC6uGipbrnaTjqaJZcJw==",
      "dev": true,
      "requires": {
        "postcss-selector-parser": "^7.0.0",
        "postcss-value-parser": "^4.2.0"
      }
    },
    "postcss-colormin": {
      "version": "7.0.2",
      "resolved": "https://registry.npmjs.org/postcss-colormin/-/postcss-colormin-7.0.2.tgz",
      "integrity": "sha512-YntRXNngcvEvDbEjTdRWGU606eZvB5prmHG4BF0yLmVpamXbpsRJzevyy6MZVyuecgzI2AWAlvFi8DAeCqwpvA==",
      "dev": true,
      "requires": {
        "browserslist": "^4.23.3",
        "caniuse-api": "^3.0.0",
        "colord": "^2.9.3",
        "postcss-value-parser": "^4.2.0"
      }
    },
    "postcss-convert-values": {
      "version": "7.0.4",
      "resolved": "https://registry.npmjs.org/postcss-convert-values/-/postcss-convert-values-7.0.4.tgz",
      "integrity": "sha512-e2LSXPqEHVW6aoGbjV9RsSSNDO3A0rZLCBxN24zvxF25WknMPpX8Dm9UxxThyEbaytzggRuZxaGXqaOhxQ514Q==",
      "dev": true,
      "requires": {
        "browserslist": "^4.23.3",
        "postcss-value-parser": "^4.2.0"
      }
    },
    "postcss-discard-comments": {
      "version": "7.0.3",
      "resolved": "https://registry.npmjs.org/postcss-discard-comments/-/postcss-discard-comments-7.0.3.tgz",
      "integrity": "sha512-q6fjd4WU4afNhWOA2WltHgCbkRhZPgQe7cXF74fuVB/ge4QbM9HEaOIzGSiMvM+g/cOsNAUGdf2JDzqA2F8iLA==",
      "dev": true,
      "requires": {
        "postcss-selector-parser": "^6.1.2"
      },
      "dependencies": {
        "postcss-selector-parser": {
          "version": "6.1.2",
          "resolved": "https://registry.npmjs.org/postcss-selector-parser/-/postcss-selector-parser-6.1.2.tgz",
          "integrity": "sha512-Q8qQfPiZ+THO/3ZrOrO0cJJKfpYCagtMUkXbnEfmgUjwXg6z/WBeOyS9APBBPCTSiDV+s4SwQGu8yFsiMRIudg==",
          "dev": true,
          "requires": {
            "cssesc": "^3.0.0",
            "util-deprecate": "^1.0.2"
          }
        }
      }
    },
    "postcss-discard-duplicates": {
      "version": "7.0.1",
      "resolved": "https://registry.npmjs.org/postcss-discard-duplicates/-/postcss-discard-duplicates-7.0.1.tgz",
      "integrity": "sha512-oZA+v8Jkpu1ct/xbbrntHRsfLGuzoP+cpt0nJe5ED2FQF8n8bJtn7Bo28jSmBYwqgqnqkuSXJfSUEE7if4nClQ==",
      "dev": true
    },
    "postcss-discard-empty": {
      "version": "7.0.0",
      "resolved": "https://registry.npmjs.org/postcss-discard-empty/-/postcss-discard-empty-7.0.0.tgz",
      "integrity": "sha512-e+QzoReTZ8IAwhnSdp/++7gBZ/F+nBq9y6PomfwORfP7q9nBpK5AMP64kOt0bA+lShBFbBDcgpJ3X4etHg4lzA==",
      "dev": true
    },
    "postcss-discard-overridden": {
      "version": "7.0.0",
      "resolved": "https://registry.npmjs.org/postcss-discard-overridden/-/postcss-discard-overridden-7.0.0.tgz",
      "integrity": "sha512-GmNAzx88u3k2+sBTZrJSDauR0ccpE24omTQCVmaTTZFz1du6AasspjaUPMJ2ud4RslZpoFKyf+6MSPETLojc6w==",
      "dev": true
    },
    "postcss-merge-longhand": {
      "version": "7.0.4",
      "resolved": "https://registry.npmjs.org/postcss-merge-longhand/-/postcss-merge-longhand-7.0.4.tgz",
      "integrity": "sha512-zer1KoZA54Q8RVHKOY5vMke0cCdNxMP3KBfDerjH/BYHh4nCIh+1Yy0t1pAEQF18ac/4z3OFclO+ZVH8azjR4A==",
      "dev": true,
      "requires": {
        "postcss-value-parser": "^4.2.0",
        "stylehacks": "^7.0.4"
      }
    },
    "postcss-merge-rules": {
      "version": "7.0.4",
      "resolved": "https://registry.npmjs.org/postcss-merge-rules/-/postcss-merge-rules-7.0.4.tgz",
      "integrity": "sha512-ZsaamiMVu7uBYsIdGtKJ64PkcQt6Pcpep/uO90EpLS3dxJi6OXamIobTYcImyXGoW0Wpugh7DSD3XzxZS9JCPg==",
      "dev": true,
      "requires": {
        "browserslist": "^4.23.3",
        "caniuse-api": "^3.0.0",
        "cssnano-utils": "^5.0.0",
        "postcss-selector-parser": "^6.1.2"
      },
      "dependencies": {
        "postcss-selector-parser": {
          "version": "6.1.2",
          "resolved": "https://registry.npmjs.org/postcss-selector-parser/-/postcss-selector-parser-6.1.2.tgz",
          "integrity": "sha512-Q8qQfPiZ+THO/3ZrOrO0cJJKfpYCagtMUkXbnEfmgUjwXg6z/WBeOyS9APBBPCTSiDV+s4SwQGu8yFsiMRIudg==",
          "dev": true,
          "requires": {
            "cssesc": "^3.0.0",
            "util-deprecate": "^1.0.2"
          }
        }
      }
    },
    "postcss-minify-font-values": {
      "version": "7.0.0",
      "resolved": "https://registry.npmjs.org/postcss-minify-font-values/-/postcss-minify-font-values-7.0.0.tgz",
      "integrity": "sha512-2ckkZtgT0zG8SMc5aoNwtm5234eUx1GGFJKf2b1bSp8UflqaeFzR50lid4PfqVI9NtGqJ2J4Y7fwvnP/u1cQog==",
      "dev": true,
      "requires": {
        "postcss-value-parser": "^4.2.0"
      }
    },
    "postcss-minify-gradients": {
      "version": "7.0.0",
      "resolved": "https://registry.npmjs.org/postcss-minify-gradients/-/postcss-minify-gradients-7.0.0.tgz",
      "integrity": "sha512-pdUIIdj/C93ryCHew0UgBnL2DtUS3hfFa5XtERrs4x+hmpMYGhbzo6l/Ir5de41O0GaKVpK1ZbDNXSY6GkXvtg==",
      "dev": true,
      "requires": {
        "colord": "^2.9.3",
        "cssnano-utils": "^5.0.0",
        "postcss-value-parser": "^4.2.0"
      }
    },
    "postcss-minify-params": {
      "version": "7.0.2",
      "resolved": "https://registry.npmjs.org/postcss-minify-params/-/postcss-minify-params-7.0.2.tgz",
      "integrity": "sha512-nyqVLu4MFl9df32zTsdcLqCFfE/z2+f8GE1KHPxWOAmegSo6lpV2GNy5XQvrzwbLmiU7d+fYay4cwto1oNdAaQ==",
      "dev": true,
      "requires": {
        "browserslist": "^4.23.3",
        "cssnano-utils": "^5.0.0",
        "postcss-value-parser": "^4.2.0"
      }
    },
    "postcss-minify-selectors": {
      "version": "7.0.4",
      "resolved": "https://registry.npmjs.org/postcss-minify-selectors/-/postcss-minify-selectors-7.0.4.tgz",
      "integrity": "sha512-JG55VADcNb4xFCf75hXkzc1rNeURhlo7ugf6JjiiKRfMsKlDzN9CXHZDyiG6x/zGchpjQS+UAgb1d4nqXqOpmA==",
      "dev": true,
      "requires": {
        "cssesc": "^3.0.0",
        "postcss-selector-parser": "^6.1.2"
      },
      "dependencies": {
        "postcss-selector-parser": {
          "version": "6.1.2",
          "resolved": "https://registry.npmjs.org/postcss-selector-parser/-/postcss-selector-parser-6.1.2.tgz",
          "integrity": "sha512-Q8qQfPiZ+THO/3ZrOrO0cJJKfpYCagtMUkXbnEfmgUjwXg6z/WBeOyS9APBBPCTSiDV+s4SwQGu8yFsiMRIudg==",
          "dev": true,
          "requires": {
            "cssesc": "^3.0.0",
            "util-deprecate": "^1.0.2"
          }
        }
      }
    },
    "postcss-normalize-charset": {
      "version": "7.0.0",
      "resolved": "https://registry.npmjs.org/postcss-normalize-charset/-/postcss-normalize-charset-7.0.0.tgz",
      "integrity": "sha512-ABisNUXMeZeDNzCQxPxBCkXexvBrUHV+p7/BXOY+ulxkcjUZO0cp8ekGBwvIh2LbCwnWbyMPNJVtBSdyhM2zYQ==",
      "dev": true
    },
    "postcss-normalize-display-values": {
      "version": "7.0.0",
      "resolved": "https://registry.npmjs.org/postcss-normalize-display-values/-/postcss-normalize-display-values-7.0.0.tgz",
      "integrity": "sha512-lnFZzNPeDf5uGMPYgGOw7v0BfB45+irSRz9gHQStdkkhiM0gTfvWkWB5BMxpn0OqgOQuZG/mRlZyJxp0EImr2Q==",
      "dev": true,
      "requires": {
        "postcss-value-parser": "^4.2.0"
      }
    },
    "postcss-normalize-positions": {
      "version": "7.0.0",
      "resolved": "https://registry.npmjs.org/postcss-normalize-positions/-/postcss-normalize-positions-7.0.0.tgz",
      "integrity": "sha512-I0yt8wX529UKIGs2y/9Ybs2CelSvItfmvg/DBIjTnoUSrPxSV7Z0yZ8ShSVtKNaV/wAY+m7bgtyVQLhB00A1NQ==",
      "dev": true,
      "requires": {
        "postcss-value-parser": "^4.2.0"
      }
    },
    "postcss-normalize-repeat-style": {
      "version": "7.0.0",
      "resolved": "https://registry.npmjs.org/postcss-normalize-repeat-style/-/postcss-normalize-repeat-style-7.0.0.tgz",
      "integrity": "sha512-o3uSGYH+2q30ieM3ppu9GTjSXIzOrRdCUn8UOMGNw7Af61bmurHTWI87hRybrP6xDHvOe5WlAj3XzN6vEO8jLw==",
      "dev": true,
      "requires": {
        "postcss-value-parser": "^4.2.0"
      }
    },
    "postcss-normalize-string": {
      "version": "7.0.0",
      "resolved": "https://registry.npmjs.org/postcss-normalize-string/-/postcss-normalize-string-7.0.0.tgz",
      "integrity": "sha512-w/qzL212DFVOpMy3UGyxrND+Kb0fvCiBBujiaONIihq7VvtC7bswjWgKQU/w4VcRyDD8gpfqUiBQ4DUOwEJ6Qg==",
      "dev": true,
      "requires": {
        "postcss-value-parser": "^4.2.0"
      }
    },
    "postcss-normalize-timing-functions": {
      "version": "7.0.0",
      "resolved": "https://registry.npmjs.org/postcss-normalize-timing-functions/-/postcss-normalize-timing-functions-7.0.0.tgz",
      "integrity": "sha512-tNgw3YV0LYoRwg43N3lTe3AEWZ66W7Dh7lVEpJbHoKOuHc1sLrzMLMFjP8SNULHaykzsonUEDbKedv8C+7ej6g==",
      "dev": true,
      "requires": {
        "postcss-value-parser": "^4.2.0"
      }
    },
    "postcss-normalize-unicode": {
      "version": "7.0.2",
      "resolved": "https://registry.npmjs.org/postcss-normalize-unicode/-/postcss-normalize-unicode-7.0.2.tgz",
      "integrity": "sha512-ztisabK5C/+ZWBdYC+Y9JCkp3M9qBv/XFvDtSw0d/XwfT3UaKeW/YTm/MD/QrPNxuecia46vkfEhewjwcYFjkg==",
      "dev": true,
      "requires": {
        "browserslist": "^4.23.3",
        "postcss-value-parser": "^4.2.0"
      }
    },
    "postcss-normalize-url": {
      "version": "7.0.0",
      "resolved": "https://registry.npmjs.org/postcss-normalize-url/-/postcss-normalize-url-7.0.0.tgz",
      "integrity": "sha512-+d7+PpE+jyPX1hDQZYG+NaFD+Nd2ris6r8fPTBAjE8z/U41n/bib3vze8x7rKs5H1uEw5ppe9IojewouHk0klQ==",
      "dev": true,
      "requires": {
        "postcss-value-parser": "^4.2.0"
      }
    },
    "postcss-normalize-whitespace": {
      "version": "7.0.0",
      "resolved": "https://registry.npmjs.org/postcss-normalize-whitespace/-/postcss-normalize-whitespace-7.0.0.tgz",
      "integrity": "sha512-37/toN4wwZErqohedXYqWgvcHUGlT8O/m2jVkAfAe9Bd4MzRqlBmXrJRePH0e9Wgnz2X7KymTgTOaaFizQe3AQ==",
      "dev": true,
      "requires": {
        "postcss-value-parser": "^4.2.0"
      }
    },
    "postcss-ordered-values": {
      "version": "7.0.1",
      "resolved": "https://registry.npmjs.org/postcss-ordered-values/-/postcss-ordered-values-7.0.1.tgz",
      "integrity": "sha512-irWScWRL6nRzYmBOXReIKch75RRhNS86UPUAxXdmW/l0FcAsg0lvAXQCby/1lymxn/o0gVa6Rv/0f03eJOwHxw==",
      "dev": true,
      "requires": {
        "cssnano-utils": "^5.0.0",
        "postcss-value-parser": "^4.2.0"
      }
    },
    "postcss-reduce-initial": {
      "version": "7.0.2",
      "resolved": "https://registry.npmjs.org/postcss-reduce-initial/-/postcss-reduce-initial-7.0.2.tgz",
      "integrity": "sha512-pOnu9zqQww7dEKf62Nuju6JgsW2V0KRNBHxeKohU+JkHd/GAH5uvoObqFLqkeB2n20mr6yrlWDvo5UBU5GnkfA==",
      "dev": true,
      "requires": {
        "browserslist": "^4.23.3",
        "caniuse-api": "^3.0.0"
      }
    },
    "postcss-reduce-transforms": {
      "version": "7.0.0",
      "resolved": "https://registry.npmjs.org/postcss-reduce-transforms/-/postcss-reduce-transforms-7.0.0.tgz",
      "integrity": "sha512-pnt1HKKZ07/idH8cpATX/ujMbtOGhUfE+m8gbqwJE05aTaNw8gbo34a2e3if0xc0dlu75sUOiqvwCGY3fzOHew==",
      "dev": true,
      "requires": {
        "postcss-value-parser": "^4.2.0"
      }
    },
    "postcss-selector-parser": {
      "version": "7.0.0",
      "resolved": "https://registry.npmjs.org/postcss-selector-parser/-/postcss-selector-parser-7.0.0.tgz",
      "integrity": "sha512-9RbEr1Y7FFfptd/1eEdntyjMwLeghW1bHX9GWjXo19vx4ytPQhANltvVxDggzJl7mnWM+dX28kb6cyS/4iQjlQ==",
      "dev": true,
      "requires": {
        "cssesc": "^3.0.0",
        "util-deprecate": "^1.0.2"
      }
    },
    "postcss-svgo": {
      "version": "7.0.1",
      "resolved": "https://registry.npmjs.org/postcss-svgo/-/postcss-svgo-7.0.1.tgz",
      "integrity": "sha512-0WBUlSL4lhD9rA5k1e5D8EN5wCEyZD6HJk0jIvRxl+FDVOMlJ7DePHYWGGVc5QRqrJ3/06FTXM0bxjmJpmTPSA==",
      "dev": true,
      "requires": {
        "postcss-value-parser": "^4.2.0",
        "svgo": "^3.3.2"
      }
    },
    "postcss-unique-selectors": {
      "version": "7.0.3",
      "resolved": "https://registry.npmjs.org/postcss-unique-selectors/-/postcss-unique-selectors-7.0.3.tgz",
      "integrity": "sha512-J+58u5Ic5T1QjP/LDV9g3Cx4CNOgB5vz+kM6+OxHHhFACdcDeKhBXjQmB7fnIZM12YSTvsL0Opwco83DmacW2g==",
      "dev": true,
      "requires": {
        "postcss-selector-parser": "^6.1.2"
      },
      "dependencies": {
        "postcss-selector-parser": {
          "version": "6.1.2",
          "resolved": "https://registry.npmjs.org/postcss-selector-parser/-/postcss-selector-parser-6.1.2.tgz",
          "integrity": "sha512-Q8qQfPiZ+THO/3ZrOrO0cJJKfpYCagtMUkXbnEfmgUjwXg6z/WBeOyS9APBBPCTSiDV+s4SwQGu8yFsiMRIudg==",
          "dev": true,
          "requires": {
            "cssesc": "^3.0.0",
            "util-deprecate": "^1.0.2"
          }
        }
      }
    },
    "postcss-value-parser": {
      "version": "4.2.0",
      "resolved": "https://registry.npmjs.org/postcss-value-parser/-/postcss-value-parser-4.2.0.tgz",
      "integrity": "sha512-1NNCs6uurfkVbeXG4S8JFT9t19m45ICnif8zWLd5oPSZ50QnwMfK+H3jv408d4jw/7Bttv5axS5IiHoLaVNHeQ==",
      "dev": true
    },
    "rollup": {
      "version": "3.29.5",
      "resolved": "https://registry.npmjs.org/rollup/-/rollup-3.29.5.tgz",
      "integrity": "sha512-GVsDdsbJzzy4S/v3dqWPJ7EfvZJfCHiDqe80IyrF59LYuP+e6U1LJoUqeuqRbwAWoMNoXivMNeNAOf5E22VA1w==",
      "dev": true,
      "requires": {
        "fsevents": "~2.3.2"
      }
    },
    "source-map-js": {
      "version": "1.2.1",
      "resolved": "https://registry.npmjs.org/source-map-js/-/source-map-js-1.2.1.tgz",
      "integrity": "sha512-UXWMKhLOwVKb728IUtQPXxfYU+usdybtUrK/8uGE8CQMvrhOpwvzDBwj0QhSL7MQc7vIsISBG8VQ8+IDQxpfQA==",
      "dev": true
    },
    "stylehacks": {
      "version": "7.0.4",
      "resolved": "https://registry.npmjs.org/stylehacks/-/stylehacks-7.0.4.tgz",
      "integrity": "sha512-i4zfNrGMt9SB4xRK9L83rlsFCgdGANfeDAYacO1pkqcE7cRHPdWHwnKZVz7WY17Veq/FvyYsRAU++Ga+qDFIww==",
      "dev": true,
      "requires": {
        "browserslist": "^4.23.3",
        "postcss-selector-parser": "^6.1.2"
      },
      "dependencies": {
        "postcss-selector-parser": {
          "version": "6.1.2",
          "resolved": "https://registry.npmjs.org/postcss-selector-parser/-/postcss-selector-parser-6.1.2.tgz",
          "integrity": "sha512-Q8qQfPiZ+THO/3ZrOrO0cJJKfpYCagtMUkXbnEfmgUjwXg6z/WBeOyS9APBBPCTSiDV+s4SwQGu8yFsiMRIudg==",
          "dev": true,
          "requires": {
            "cssesc": "^3.0.0",
            "util-deprecate": "^1.0.2"
          }
        }
      }
    },
    "svgo": {
      "version": "3.3.2",
      "resolved": "https://registry.npmjs.org/svgo/-/svgo-3.3.2.tgz",
      "integrity": "sha512-OoohrmuUlBs8B8o6MB2Aevn+pRIH9zDALSR+6hhqVfa6fRwG/Qw9VUMSMW9VNg2CFc/MTIfabtdOVl9ODIJjpw==",
      "dev": true,
      "requires": {
        "@trysound/sax": "0.2.0",
        "commander": "^7.2.0",
        "css-select": "^5.1.0",
        "css-tree": "^2.3.1",
        "css-what": "^6.1.0",
        "csso": "^5.0.5",
        "picocolors": "^1.0.0"
      }
    },
    "update-browserslist-db": {
      "version": "1.1.2",
      "resolved": "https://registry.npmjs.org/update-browserslist-db/-/update-browserslist-db-1.1.2.tgz",
      "integrity": "sha512-PPypAm5qvlD7XMZC3BujecnaOxwhrtoFR+Dqkk5Aa/6DssiH0ibKoketaj9w8LP7Bont1rYeoV5plxD7RTEPRg==",
      "dev": true,
      "requires": {
        "escalade": "^3.2.0",
        "picocolors": "^1.1.1"
      }
    },
    "util-deprecate": {
      "version": "1.0.2",
      "resolved": "https://registry.npmjs.org/util-deprecate/-/util-deprecate-1.0.2.tgz",
      "integrity": "sha512-EPD5q1uXyFxJpCrLnCc1nHnq3gOa6DZBocAIiI2TaSCA7VCJ1UJDMagCzIkXNsUYfD1daK//LTEQ8xiIbrHtcw==",
      "dev": true
    },
    "vite": {
      "version": "4.5.5",
      "resolved": "https://registry.npmjs.org/vite/-/vite-4.5.5.tgz",
      "integrity": "sha512-ifW3Lb2sMdX+WU91s3R0FyQlAyLxOzCSCP37ujw0+r5POeHPwe6udWVIElKQq8gk3t7b8rkmvqC6IHBpCff4GQ==",
      "dev": true,
      "requires": {
        "esbuild": "^0.18.10",
        "fsevents": "~2.3.2",
        "postcss": "^8.4.27",
        "rollup": "^3.27.1"
      }
    }
  }
}
