{
  "name": "glissando",
  "version": "0.3.0",
  "lockfileVersion": 1,
  "requires": true,
  "dependencies": {
    "@types/mithril": {
      "version": "2.0.2",
      "resolved": "https://registry.npmjs.org/@types/mithril/-/mithril-2.0.2.tgz",
      "integrity": "sha512-q0W5GGjWNxwmKPcfkkQJqSUIVr7yvMz1zH2enWDab8yDqvZuEgkR4+mcf1O70Wnreawg8OH4axfACDVdg2zskQ=="
    },
    "mithril": {
      "version": "2.0.4",
      "resolved": "https://registry.npmjs.org/mithril/-/mithril-2.0.4.tgz",
      "integrity": "sha512-mgw+DMZlhMS4PpprF6dl7ZoeZq5GGcAuWnrg5e12MvaGauc4jzWsDZtVGRCktsiQczOEUr2K5teKbE5k44RlOg=="
    }
  }
}
